// !$*UTF8*$!
{
	archiveVersion = 1;
	classes = {
	};
	objectVersion = 50;
	objects = {

/* Begin PBXBuildFile section */
		B75E7A3D21443CBE006111B3 /* HomeDisplayData.swift in Sources */ = {isa = PBXBuildFile; fileRef = B75E7A3721443CBE006111B3 /* HomeDisplayData.swift */; };
		B75E7A3E21443CBE006111B3 /* HomePresenter.swift in Sources */ = {isa = PBXBuildFile; fileRef = B75E7A3821443CBE006111B3 /* HomePresenter.swift */; };
		B75E7A3F21443CBE006111B3 /* HomeRouter.swift in Sources */ = {isa = PBXBuildFile; fileRef = B75E7A3921443CBE006111B3 /* HomeRouter.swift */; };
		B75E7A4021443CBE006111B3 /* HomeModuleApi.swift in Sources */ = {isa = PBXBuildFile; fileRef = B75E7A3A21443CBE006111B3 /* HomeModuleApi.swift */; };
		B75E7A4121443CBE006111B3 /* HomeInteractor.swift in Sources */ = {isa = PBXBuildFile; fileRef = B75E7A3B21443CBE006111B3 /* HomeInteractor.swift */; };
		B75E7A4221443CBE006111B3 /* HomeView.swift in Sources */ = {isa = PBXBuildFile; fileRef = B75E7A3C21443CBE006111B3 /* HomeView.swift */; };
		B75E7A4F21445E6A006111B3 /* DIGICCYMarketView.swift in Sources */ = {isa = PBXBuildFile; fileRef = B75E7A4E21445E6A006111B3 /* DIGICCYMarketView.swift */; };
		B75E7A5121445E7E006111B3 /* DIGICCYMarketView.xib in Resources */ = {isa = PBXBuildFile; fileRef = B75E7A5021445E7E006111B3 /* DIGICCYMarketView.xib */; };
		B75E7A5421446541006111B3 /* AccountItemView.swift in Sources */ = {isa = PBXBuildFile; fileRef = B75E7A5321446541006111B3 /* AccountItemView.swift */; };
		B75E7A562144654D006111B3 /* AccountItemView.xib in Resources */ = {isa = PBXBuildFile; fileRef = B75E7A552144654D006111B3 /* AccountItemView.xib */; };
		B75E7A5C21446D77006111B3 /* VolumeRankCell.swift in Sources */ = {isa = PBXBuildFile; fileRef = B75E7A5A21446D77006111B3 /* VolumeRankCell.swift */; };
		B75E7A5D21446D77006111B3 /* VolumeRankCell.xib in Resources */ = {isa = PBXBuildFile; fileRef = B75E7A5B21446D77006111B3 /* VolumeRankCell.xib */; };
		B7850EA121456A3C00D668C4 /* UIView+Extension.swift in Sources */ = {isa = PBXBuildFile; fileRef = B7850EA021456A3C00D668C4 /* UIView+Extension.swift */; };
		B7850EA42145729D00D668C4 /* UIStyle.swift in Sources */ = {isa = PBXBuildFile; fileRef = B7850EA32145729D00D668C4 /* UIStyle.swift */; };
		B7850EA6214573F100D668C4 /* UIColor+Extension.swift in Sources */ = {isa = PBXBuildFile; fileRef = B7850EA5214573F100D668C4 /* UIColor+Extension.swift */; };
		B7B914222146AB7000FE9AD8 /* AccountFlowDetail.storyboard in Resources */ = {isa = PBXBuildFile; fileRef = B7B9141B2146AB7000FE9AD8 /* AccountFlowDetail.storyboard */; };
		B7B914232146AB7000FE9AD8 /* AccountFlowDetailDisplayData.swift in Sources */ = {isa = PBXBuildFile; fileRef = B7B9141C2146AB7000FE9AD8 /* AccountFlowDetailDisplayData.swift */; };
		B7B914242146AB7000FE9AD8 /* AccountFlowDetailPresenter.swift in Sources */ = {isa = PBXBuildFile; fileRef = B7B9141D2146AB7000FE9AD8 /* AccountFlowDetailPresenter.swift */; };
		B7B914252146AB7000FE9AD8 /* AccountFlowDetailRouter.swift in Sources */ = {isa = PBXBuildFile; fileRef = B7B9141E2146AB7000FE9AD8 /* AccountFlowDetailRouter.swift */; };
		B7B914262146AB7000FE9AD8 /* AccountFlowDetailModuleApi.swift in Sources */ = {isa = PBXBuildFile; fileRef = B7B9141F2146AB7000FE9AD8 /* AccountFlowDetailModuleApi.swift */; };
		B7B914272146AB7000FE9AD8 /* AccountFlowDetailInteractor.swift in Sources */ = {isa = PBXBuildFile; fileRef = B7B914202146AB7000FE9AD8 /* AccountFlowDetailInteractor.swift */; };
		B7B914282146AB7000FE9AD8 /* AccountFlowDetailView.swift in Sources */ = {isa = PBXBuildFile; fileRef = B7B914212146AB7000FE9AD8 /* AccountFlowDetailView.swift */; };
		B7B9142C2146AC0300FE9AD8 /* AccountFlowDetailCell.swift in Sources */ = {isa = PBXBuildFile; fileRef = B7B9142A2146AC0300FE9AD8 /* AccountFlowDetailCell.swift */; };
		B7B9142D2146AC0300FE9AD8 /* AccountFlowDetailCell.xib in Resources */ = {isa = PBXBuildFile; fileRef = B7B9142B2146AC0300FE9AD8 /* AccountFlowDetailCell.xib */; };
		B7B9142F2146B2ED00FE9AD8 /* UIScreen+Extention.swift in Sources */ = {isa = PBXBuildFile; fileRef = B7B9142E2146B2ED00FE9AD8 /* UIScreen+Extention.swift */; };
		B7B914322146B71100FE9AD8 /* Mine.storyboard in Resources */ = {isa = PBXBuildFile; fileRef = B7B914312146B71000FE9AD8 /* Mine.storyboard */; };
		B7B914362146C16100FE9AD8 /* MineUserInfoView.swift in Sources */ = {isa = PBXBuildFile; fileRef = B7B914352146C16100FE9AD8 /* MineUserInfoView.swift */; };
		B7B914382146C16F00FE9AD8 /* MineUserInfoView.xib in Resources */ = {isa = PBXBuildFile; fileRef = B7B914372146C16F00FE9AD8 /* MineUserInfoView.xib */; };
		B7B914412146CC3900FE9AD8 /* AccountUSDTTransform.storyboard in Resources */ = {isa = PBXBuildFile; fileRef = B7B9143A2146CC3900FE9AD8 /* AccountUSDTTransform.storyboard */; };
		B7B914422146CC3900FE9AD8 /* AccountUSDTTransformDisplayData.swift in Sources */ = {isa = PBXBuildFile; fileRef = B7B9143B2146CC3900FE9AD8 /* AccountUSDTTransformDisplayData.swift */; };
		B7B914432146CC3900FE9AD8 /* AccountUSDTTransformPresenter.swift in Sources */ = {isa = PBXBuildFile; fileRef = B7B9143C2146CC3900FE9AD8 /* AccountUSDTTransformPresenter.swift */; };
		B7B914442146CC3900FE9AD8 /* AccountUSDTTransformRouter.swift in Sources */ = {isa = PBXBuildFile; fileRef = B7B9143D2146CC3900FE9AD8 /* AccountUSDTTransformRouter.swift */; };
		B7B914452146CC3900FE9AD8 /* AccountUSDTTransformModuleApi.swift in Sources */ = {isa = PBXBuildFile; fileRef = B7B9143E2146CC3900FE9AD8 /* AccountUSDTTransformModuleApi.swift */; };
		B7B914462146CC3900FE9AD8 /* AccountUSDTTransformInteractor.swift in Sources */ = {isa = PBXBuildFile; fileRef = B7B9143F2146CC3900FE9AD8 /* AccountUSDTTransformInteractor.swift */; };
		B7B914472146CC3900FE9AD8 /* AccountUSDTTransformView.swift in Sources */ = {isa = PBXBuildFile; fileRef = B7B914402146CC3900FE9AD8 /* AccountUSDTTransformView.swift */; };
		B7D1111221481AED000B9728 /* ExtractUSDT.storyboard in Resources */ = {isa = PBXBuildFile; fileRef = B7D1110B21481AED000B9728 /* ExtractUSDT.storyboard */; };
		B7D1111321481AED000B9728 /* ExtractUSDTDisplayData.swift in Sources */ = {isa = PBXBuildFile; fileRef = B7D1110C21481AED000B9728 /* ExtractUSDTDisplayData.swift */; };
		B7D1111421481AED000B9728 /* ExtractUSDTPresenter.swift in Sources */ = {isa = PBXBuildFile; fileRef = B7D1110D21481AED000B9728 /* ExtractUSDTPresenter.swift */; };
		B7D1111521481AED000B9728 /* ExtractUSDTRouter.swift in Sources */ = {isa = PBXBuildFile; fileRef = B7D1110E21481AED000B9728 /* ExtractUSDTRouter.swift */; };
		B7D1111621481AED000B9728 /* ExtractUSDTModuleApi.swift in Sources */ = {isa = PBXBuildFile; fileRef = B7D1110F21481AED000B9728 /* ExtractUSDTModuleApi.swift */; };
		B7D1111721481AED000B9728 /* ExtractUSDTInteractor.swift in Sources */ = {isa = PBXBuildFile; fileRef = B7D1111021481AED000B9728 /* ExtractUSDTInteractor.swift */; };
		B7D1111821481AED000B9728 /* ExtractUSDTView.swift in Sources */ = {isa = PBXBuildFile; fileRef = B7D1111121481AED000B9728 /* ExtractUSDTView.swift */; };
		B7EB479D2145039900DB86C4 /* TableView+Protocol.swift in Sources */ = {isa = PBXBuildFile; fileRef = B7EB479C2145039900DB86C4 /* TableView+Protocol.swift */; };
		B7EB479F214504BA00DB86C4 /* HomeSectionTitleHeader.swift in Sources */ = {isa = PBXBuildFile; fileRef = B7EB479E214504BA00DB86C4 /* HomeSectionTitleHeader.swift */; };
		B7EB47A1214504C800DB86C4 /* HomeSectionTitleHeader.xib in Resources */ = {isa = PBXBuildFile; fileRef = B7EB47A0214504C800DB86C4 /* HomeSectionTitleHeader.xib */; };
		B7EB47A421452C3100DB86C4 /* ScrollStackView.swift in Sources */ = {isa = PBXBuildFile; fileRef = B7EB47A321452C3100DB86C4 /* ScrollStackView.swift */; };
		B7EB47A621452C3D00DB86C4 /* ScrollStackView.xib in Resources */ = {isa = PBXBuildFile; fileRef = B7EB47A521452C3D00DB86C4 /* ScrollStackView.xib */; };
		B7EB47A9214531F600DB86C4 /* MarketListVew.swift in Sources */ = {isa = PBXBuildFile; fileRef = B7EB47A8214531F600DB86C4 /* MarketListVew.swift */; };
		B7EB47AE21453C9500DB86C4 /* LSTabBarViewController.swift in Sources */ = {isa = PBXBuildFile; fileRef = B7EB47AD21453C9500DB86C4 /* LSTabBarViewController.swift */; };
		B7EB47B021454A5C00DB86C4 /* AppModules.swift in Sources */ = {isa = PBXBuildFile; fileRef = B7EB47AF21454A5C00DB86C4 /* AppModules.swift */; };
		B7EB47C421454B9E00DB86C4 /* MineDisplayData.swift in Sources */ = {isa = PBXBuildFile; fileRef = B7EB47BE21454B9E00DB86C4 /* MineDisplayData.swift */; };
		B7EB47C521454B9E00DB86C4 /* MinePresenter.swift in Sources */ = {isa = PBXBuildFile; fileRef = B7EB47BF21454B9E00DB86C4 /* MinePresenter.swift */; };
		B7EB47C621454B9E00DB86C4 /* MineRouter.swift in Sources */ = {isa = PBXBuildFile; fileRef = B7EB47C021454B9E00DB86C4 /* MineRouter.swift */; };
		B7EB47C721454B9E00DB86C4 /* MineModuleApi.swift in Sources */ = {isa = PBXBuildFile; fileRef = B7EB47C121454B9E00DB86C4 /* MineModuleApi.swift */; };
		B7EB47C821454B9E00DB86C4 /* MineInteractor.swift in Sources */ = {isa = PBXBuildFile; fileRef = B7EB47C221454B9E00DB86C4 /* MineInteractor.swift */; };
		B7EB47C921454B9E00DB86C4 /* MineView.swift in Sources */ = {isa = PBXBuildFile; fileRef = B7EB47C321454B9E00DB86C4 /* MineView.swift */; };
		B7EB47E121454BFB00DB86C4 /* CToC.storyboard in Resources */ = {isa = PBXBuildFile; fileRef = B7EB47DA21454BFB00DB86C4 /* CToC.storyboard */; };
		B7EB47E221454BFB00DB86C4 /* CToCDisplayData.swift in Sources */ = {isa = PBXBuildFile; fileRef = B7EB47DB21454BFB00DB86C4 /* CToCDisplayData.swift */; };
		B7EB47E321454BFB00DB86C4 /* CToCPresenter.swift in Sources */ = {isa = PBXBuildFile; fileRef = B7EB47DC21454BFB00DB86C4 /* CToCPresenter.swift */; };
		B7EB47E421454BFB00DB86C4 /* CToCRouter.swift in Sources */ = {isa = PBXBuildFile; fileRef = B7EB47DD21454BFB00DB86C4 /* CToCRouter.swift */; };
		B7EB47E521454BFB00DB86C4 /* CToCModuleApi.swift in Sources */ = {isa = PBXBuildFile; fileRef = B7EB47DE21454BFB00DB86C4 /* CToCModuleApi.swift */; };
		B7EB47E621454BFB00DB86C4 /* CToCInteractor.swift in Sources */ = {isa = PBXBuildFile; fileRef = B7EB47DF21454BFB00DB86C4 /* CToCInteractor.swift */; };
		B7EB47E721454BFB00DB86C4 /* CToCView.swift in Sources */ = {isa = PBXBuildFile; fileRef = B7EB47E021454BFB00DB86C4 /* CToCView.swift */; };
		B7EB47EA21454DA700DB86C4 /* LSNaviViewController.swift in Sources */ = {isa = PBXBuildFile; fileRef = B7EB47E921454DA700DB86C4 /* LSNaviViewController.swift */; };
		B7EB47ED214550E700DB86C4 /* LSBaseViewController.swift in Sources */ = {isa = PBXBuildFile; fileRef = B7EB47EC214550E700DB86C4 /* LSBaseViewController.swift */; };
		B9F162ABA62714421BC2F163 /* Pods_LSWDAX.framework in Frameworks */ = {isa = PBXBuildFile; fileRef = 3F3C3AA5CFC70688E98D3E07 /* Pods_LSWDAX.framework */; };
		E2364AF221421EB7008B6FDB /* AppDelegate.swift in Sources */ = {isa = PBXBuildFile; fileRef = E2364AF121421EB7008B6FDB /* AppDelegate.swift */; };
		E2364AF421421EB7008B6FDB /* ViewController.swift in Sources */ = {isa = PBXBuildFile; fileRef = E2364AF321421EB7008B6FDB /* ViewController.swift */; };
		E2364AF921421EB8008B6FDB /* Assets.xcassets in Resources */ = {isa = PBXBuildFile; fileRef = E2364AF821421EB8008B6FDB /* Assets.xcassets */; };
		E2364AFC21421EB8008B6FDB /* LaunchScreen.storyboard in Resources */ = {isa = PBXBuildFile; fileRef = E2364AFA21421EB8008B6FDB /* LaunchScreen.storyboard */; };
		E2364B1021422205008B6FDB /* Home.storyboard in Resources */ = {isa = PBXBuildFile; fileRef = E2364B0F21422205008B6FDB /* Home.storyboard */; };
		E258E5B1214616FD006075B8 /* WDAXAccount.storyboard in Resources */ = {isa = PBXBuildFile; fileRef = E258E5AA214616FD006075B8 /* WDAXAccount.storyboard */; };
		E258E5B2214616FD006075B8 /* WDAXAccountDisplayData.swift in Sources */ = {isa = PBXBuildFile; fileRef = E258E5AB214616FD006075B8 /* WDAXAccountDisplayData.swift */; };
		E258E5B3214616FD006075B8 /* WDAXAccountPresenter.swift in Sources */ = {isa = PBXBuildFile; fileRef = E258E5AC214616FD006075B8 /* WDAXAccountPresenter.swift */; };
		E258E5B4214616FD006075B8 /* WDAXAccountRouter.swift in Sources */ = {isa = PBXBuildFile; fileRef = E258E5AD214616FD006075B8 /* WDAXAccountRouter.swift */; };
		E258E5B5214616FD006075B8 /* WDAXAccountModuleApi.swift in Sources */ = {isa = PBXBuildFile; fileRef = E258E5AE214616FD006075B8 /* WDAXAccountModuleApi.swift */; };
		E258E5B6214616FD006075B8 /* WDAXAccountInteractor.swift in Sources */ = {isa = PBXBuildFile; fileRef = E258E5AF214616FD006075B8 /* WDAXAccountInteractor.swift */; };
		E258E5B7214616FD006075B8 /* WDAXAccountView.swift in Sources */ = {isa = PBXBuildFile; fileRef = E258E5B0214616FD006075B8 /* WDAXAccountView.swift */; };
		E258E5C221464AB2006075B8 /* AccountMenuItemView.swift in Sources */ = {isa = PBXBuildFile; fileRef = E258E5C121464AB2006075B8 /* AccountMenuItemView.swift */; };
		E258E5C421464ACE006075B8 /* AccountMenuItemView.xib in Resources */ = {isa = PBXBuildFile; fileRef = E258E5C321464ACE006075B8 /* AccountMenuItemView.xib */; };
		E258E5C821464EEA006075B8 /* AccountFlowListCell.swift in Sources */ = {isa = PBXBuildFile; fileRef = E258E5C621464EEA006075B8 /* AccountFlowListCell.swift */; };
		E258E5C921464EEA006075B8 /* AccountFlowListCell.xib in Resources */ = {isa = PBXBuildFile; fileRef = E258E5C721464EEA006075B8 /* AccountFlowListCell.xib */; };
		E258E5CC21466255006075B8 /* WDAXAccountInfoView.swift in Sources */ = {isa = PBXBuildFile; fileRef = E258E5CB21466255006075B8 /* WDAXAccountInfoView.swift */; };
		E258E5CE21466261006075B8 /* WDAXAccountInfoView.xib in Resources */ = {isa = PBXBuildFile; fileRef = E258E5CD21466261006075B8 /* WDAXAccountInfoView.xib */; };
		E258E5D7214666D3006075B8 /* ExchangeAccount.storyboard in Resources */ = {isa = PBXBuildFile; fileRef = E258E5D0214666D3006075B8 /* ExchangeAccount.storyboard */; };
		E258E5D8214666D3006075B8 /* ExchangeAccountDisplayData.swift in Sources */ = {isa = PBXBuildFile; fileRef = E258E5D1214666D3006075B8 /* ExchangeAccountDisplayData.swift */; };
		E258E5D9214666D3006075B8 /* ExchangeAccountPresenter.swift in Sources */ = {isa = PBXBuildFile; fileRef = E258E5D2214666D3006075B8 /* ExchangeAccountPresenter.swift */; };
		E258E5DA214666D3006075B8 /* ExchangeAccountRouter.swift in Sources */ = {isa = PBXBuildFile; fileRef = E258E5D3214666D3006075B8 /* ExchangeAccountRouter.swift */; };
		E258E5DB214666D3006075B8 /* ExchangeAccountModuleApi.swift in Sources */ = {isa = PBXBuildFile; fileRef = E258E5D4214666D3006075B8 /* ExchangeAccountModuleApi.swift */; };
		E258E5DC214666D3006075B8 /* ExchangeAccountInteractor.swift in Sources */ = {isa = PBXBuildFile; fileRef = E258E5D5214666D3006075B8 /* ExchangeAccountInteractor.swift */; };
		E258E5DD214666D3006075B8 /* ExchangeAccountView.swift in Sources */ = {isa = PBXBuildFile; fileRef = E258E5D6214666D3006075B8 /* ExchangeAccountView.swift */; };
		E258E5E121468260006075B8 /* ExchangeAccountInfoView.swift in Sources */ = {isa = PBXBuildFile; fileRef = E258E5E021468260006075B8 /* ExchangeAccountInfoView.swift */; };
		E258E5E32146826C006075B8 /* ExchangeAccountInfoView.xib in Resources */ = {isa = PBXBuildFile; fileRef = E258E5E22146826C006075B8 /* ExchangeAccountInfoView.xib */; };
		E2AD19F72148B72C00232AAE /* Exchange.storyboard in Resources */ = {isa = PBXBuildFile; fileRef = E2AD19F02148B72C00232AAE /* Exchange.storyboard */; };
		E2AD19F82148B72C00232AAE /* ExchangeDisplayData.swift in Sources */ = {isa = PBXBuildFile; fileRef = E2AD19F12148B72C00232AAE /* ExchangeDisplayData.swift */; };
		E2AD19F92148B72C00232AAE /* ExchangePresenter.swift in Sources */ = {isa = PBXBuildFile; fileRef = E2AD19F22148B72C00232AAE /* ExchangePresenter.swift */; };
		E2AD19FA2148B72C00232AAE /* ExchangeRouter.swift in Sources */ = {isa = PBXBuildFile; fileRef = E2AD19F32148B72C00232AAE /* ExchangeRouter.swift */; };
		E2AD19FB2148B72C00232AAE /* ExchangeModuleApi.swift in Sources */ = {isa = PBXBuildFile; fileRef = E2AD19F42148B72C00232AAE /* ExchangeModuleApi.swift */; };
		E2AD19FC2148B72C00232AAE /* ExchangeInteractor.swift in Sources */ = {isa = PBXBuildFile; fileRef = E2AD19F52148B72C00232AAE /* ExchangeInteractor.swift */; };
		E2AD19FD2148B72C00232AAE /* ExchangeView.swift in Sources */ = {isa = PBXBuildFile; fileRef = E2AD19F62148B72C00232AAE /* ExchangeView.swift */; };
		E2AD1A012148E81400232AAE /* AppDelegateExtension.swift in Sources */ = {isa = PBXBuildFile; fileRef = E2AD1A002148E81400232AAE /* AppDelegateExtension.swift */; };
		E2AD1A042148E9C500232AAE /* ExchangeHeaderView.swift in Sources */ = {isa = PBXBuildFile; fileRef = E2AD1A032148E9C500232AAE /* ExchangeHeaderView.swift */; };
		E2AD1A062148E9D200232AAE /* ExchangeHeaderView.xib in Resources */ = {isa = PBXBuildFile; fileRef = E2AD1A052148E9D200232AAE /* ExchangeHeaderView.xib */; };
		E2AD1A0A2148F81100232AAE /* MarkInfoHeader.swift in Sources */ = {isa = PBXBuildFile; fileRef = E2AD1A092148F81100232AAE /* MarkInfoHeader.swift */; };
		E2AD1A0C2148F81C00232AAE /* MarkInfoHeader.xib in Resources */ = {isa = PBXBuildFile; fileRef = E2AD1A0B2148F81C00232AAE /* MarkInfoHeader.xib */; };
		E2AD1A0F2148FF5600232AAE /* KLineTimeSegment.swift in Sources */ = {isa = PBXBuildFile; fileRef = E2AD1A0E2148FF5600232AAE /* KLineTimeSegment.swift */; };
		E2AD1A112148FF6200232AAE /* KLineTimeSegment.xib in Resources */ = {isa = PBXBuildFile; fileRef = E2AD1A102148FF6200232AAE /* KLineTimeSegment.xib */; };
		E2AD1A142149080500232AAE /* DGTypeSelectView.swift in Sources */ = {isa = PBXBuildFile; fileRef = E2AD1A132149080500232AAE /* DGTypeSelectView.swift */; };
		E2AD1A162149082100232AAE /* DGTypeSelectView.xib in Resources */ = {isa = PBXBuildFile; fileRef = E2AD1A152149082100232AAE /* DGTypeSelectView.xib */; };
		E2AD1A19214909E100232AAE /* OrderBtnView.swift in Sources */ = {isa = PBXBuildFile; fileRef = E2AD1A18214909E100232AAE /* OrderBtnView.swift */; };
		E2AD1A1B214909EB00232AAE /* OrderBtnView.xib in Resources */ = {isa = PBXBuildFile; fileRef = E2AD1A1A214909EB00232AAE /* OrderBtnView.xib */; };
		E2AD1A1E21490FB000232AAE /* KLineView.swift in Sources */ = {isa = PBXBuildFile; fileRef = E2AD1A1D21490FB000232AAE /* KLineView.swift */; };
		E2AD1A2021490FCE00232AAE /* KLineView.xib in Resources */ = {isa = PBXBuildFile; fileRef = E2AD1A1F21490FCE00232AAE /* KLineView.xib */; };
		E2AD1A23214910E900232AAE /* ExchangeTipsView.swift in Sources */ = {isa = PBXBuildFile; fileRef = E2AD1A22214910E900232AAE /* ExchangeTipsView.swift */; };
		E2AD1A25214910F200232AAE /* ExchangeTipsView.xib in Resources */ = {isa = PBXBuildFile; fileRef = E2AD1A24214910F200232AAE /* ExchangeTipsView.xib */; };
		E2AE4EF7214A3362003D9C8C /* Exchange.xcassets in Resources */ = {isa = PBXBuildFile; fileRef = E2AE4EF6214A3362003D9C8C /* Exchange.xcassets */; };
		E2AE4F0E214A4E41003D9C8C /* Order.storyboard in Resources */ = {isa = PBXBuildFile; fileRef = E2AE4F07214A4E41003D9C8C /* Order.storyboard */; };
		E2AE4F0F214A4E41003D9C8C /* OrderDisplayData.swift in Sources */ = {isa = PBXBuildFile; fileRef = E2AE4F08214A4E41003D9C8C /* OrderDisplayData.swift */; };
		E2AE4F10214A4E41003D9C8C /* OrderPresenter.swift in Sources */ = {isa = PBXBuildFile; fileRef = E2AE4F09214A4E41003D9C8C /* OrderPresenter.swift */; };
		E2AE4F11214A4E41003D9C8C /* OrderRouter.swift in Sources */ = {isa = PBXBuildFile; fileRef = E2AE4F0A214A4E41003D9C8C /* OrderRouter.swift */; };
		E2AE4F12214A4E41003D9C8C /* OrderModuleApi.swift in Sources */ = {isa = PBXBuildFile; fileRef = E2AE4F0B214A4E41003D9C8C /* OrderModuleApi.swift */; };
		E2AE4F13214A4E41003D9C8C /* OrderInteractor.swift in Sources */ = {isa = PBXBuildFile; fileRef = E2AE4F0C214A4E41003D9C8C /* OrderInteractor.swift */; };
		E2AE4F14214A4E41003D9C8C /* OrderView.swift in Sources */ = {isa = PBXBuildFile; fileRef = E2AE4F0D214A4E41003D9C8C /* OrderView.swift */; };
		E2AE4F17214A6592003D9C8C /* OerderConfirmView.swift in Sources */ = {isa = PBXBuildFile; fileRef = E2AE4F16214A6592003D9C8C /* OerderConfirmView.swift */; };
		E2AE4F19214A659A003D9C8C /* OerderConfirmView.xib in Resources */ = {isa = PBXBuildFile; fileRef = E2AE4F18214A659A003D9C8C /* OerderConfirmView.xib */; };
		E2AE4F22214A7347003D9C8C /* OrderList.storyboard in Resources */ = {isa = PBXBuildFile; fileRef = E2AE4F1B214A7347003D9C8C /* OrderList.storyboard */; };
		E2AE4F23214A7347003D9C8C /* OrderListDisplayData.swift in Sources */ = {isa = PBXBuildFile; fileRef = E2AE4F1C214A7347003D9C8C /* OrderListDisplayData.swift */; };
		E2AE4F24214A7347003D9C8C /* OrderListPresenter.swift in Sources */ = {isa = PBXBuildFile; fileRef = E2AE4F1D214A7347003D9C8C /* OrderListPresenter.swift */; };
		E2AE4F25214A7347003D9C8C /* OrderListRouter.swift in Sources */ = {isa = PBXBuildFile; fileRef = E2AE4F1E214A7347003D9C8C /* OrderListRouter.swift */; };
		E2AE4F26214A7347003D9C8C /* OrderListModuleApi.swift in Sources */ = {isa = PBXBuildFile; fileRef = E2AE4F1F214A7347003D9C8C /* OrderListModuleApi.swift */; };
		E2AE4F27214A7347003D9C8C /* OrderListInteractor.swift in Sources */ = {isa = PBXBuildFile; fileRef = E2AE4F20214A7347003D9C8C /* OrderListInteractor.swift */; };
		E2AE4F28214A7347003D9C8C /* OrderListView.swift in Sources */ = {isa = PBXBuildFile; fileRef = E2AE4F21214A7347003D9C8C /* OrderListView.swift */; };
/* End PBXBuildFile section */

/* Begin PBXFileReference section */
		3F3C3AA5CFC70688E98D3E07 /* Pods_LSWDAX.framework */ = {isa = PBXFileReference; explicitFileType = wrapper.framework; includeInIndex = 0; path = Pods_LSWDAX.framework; sourceTree = BUILT_PRODUCTS_DIR; };
		A56BB65AE62F378A391337C2 /* Pods-LSWDAX.debug.xcconfig */ = {isa = PBXFileReference; includeInIndex = 1; lastKnownFileType = text.xcconfig; name = "Pods-LSWDAX.debug.xcconfig"; path = "Pods/Target Support Files/Pods-LSWDAX/Pods-LSWDAX.debug.xcconfig"; sourceTree = "<group>"; };
		B75E7A3721443CBE006111B3 /* HomeDisplayData.swift */ = {isa = PBXFileReference; lastKnownFileType = sourcecode.swift; path = HomeDisplayData.swift; sourceTree = "<group>"; };
		B75E7A3821443CBE006111B3 /* HomePresenter.swift */ = {isa = PBXFileReference; lastKnownFileType = sourcecode.swift; path = HomePresenter.swift; sourceTree = "<group>"; };
		B75E7A3921443CBE006111B3 /* HomeRouter.swift */ = {isa = PBXFileReference; lastKnownFileType = sourcecode.swift; path = HomeRouter.swift; sourceTree = "<group>"; };
		B75E7A3A21443CBE006111B3 /* HomeModuleApi.swift */ = {isa = PBXFileReference; lastKnownFileType = sourcecode.swift; path = HomeModuleApi.swift; sourceTree = "<group>"; };
		B75E7A3B21443CBE006111B3 /* HomeInteractor.swift */ = {isa = PBXFileReference; lastKnownFileType = sourcecode.swift; path = HomeInteractor.swift; sourceTree = "<group>"; };
		B75E7A3C21443CBE006111B3 /* HomeView.swift */ = {isa = PBXFileReference; lastKnownFileType = sourcecode.swift; path = HomeView.swift; sourceTree = "<group>"; };
		B75E7A4E21445E6A006111B3 /* DIGICCYMarketView.swift */ = {isa = PBXFileReference; lastKnownFileType = sourcecode.swift; path = DIGICCYMarketView.swift; sourceTree = "<group>"; };
		B75E7A5021445E7E006111B3 /* DIGICCYMarketView.xib */ = {isa = PBXFileReference; lastKnownFileType = file.xib; path = DIGICCYMarketView.xib; sourceTree = "<group>"; };
		B75E7A5321446541006111B3 /* AccountItemView.swift */ = {isa = PBXFileReference; lastKnownFileType = sourcecode.swift; path = AccountItemView.swift; sourceTree = "<group>"; };
		B75E7A552144654D006111B3 /* AccountItemView.xib */ = {isa = PBXFileReference; lastKnownFileType = file.xib; path = AccountItemView.xib; sourceTree = "<group>"; };
		B75E7A5A21446D77006111B3 /* VolumeRankCell.swift */ = {isa = PBXFileReference; lastKnownFileType = sourcecode.swift; path = VolumeRankCell.swift; sourceTree = "<group>"; };
		B75E7A5B21446D77006111B3 /* VolumeRankCell.xib */ = {isa = PBXFileReference; lastKnownFileType = file.xib; path = VolumeRankCell.xib; sourceTree = "<group>"; };
		B7850EA021456A3C00D668C4 /* UIView+Extension.swift */ = {isa = PBXFileReference; lastKnownFileType = sourcecode.swift; path = "UIView+Extension.swift"; sourceTree = "<group>"; };
		B7850EA32145729D00D668C4 /* UIStyle.swift */ = {isa = PBXFileReference; lastKnownFileType = sourcecode.swift; path = UIStyle.swift; sourceTree = "<group>"; };
		B7850EA5214573F100D668C4 /* UIColor+Extension.swift */ = {isa = PBXFileReference; lastKnownFileType = sourcecode.swift; path = "UIColor+Extension.swift"; sourceTree = "<group>"; };
		B7B9141B2146AB7000FE9AD8 /* AccountFlowDetail.storyboard */ = {isa = PBXFileReference; lastKnownFileType = file.storyboard; path = AccountFlowDetail.storyboard; sourceTree = "<group>"; };
		B7B9141C2146AB7000FE9AD8 /* AccountFlowDetailDisplayData.swift */ = {isa = PBXFileReference; lastKnownFileType = sourcecode.swift; path = AccountFlowDetailDisplayData.swift; sourceTree = "<group>"; };
		B7B9141D2146AB7000FE9AD8 /* AccountFlowDetailPresenter.swift */ = {isa = PBXFileReference; lastKnownFileType = sourcecode.swift; path = AccountFlowDetailPresenter.swift; sourceTree = "<group>"; };
		B7B9141E2146AB7000FE9AD8 /* AccountFlowDetailRouter.swift */ = {isa = PBXFileReference; lastKnownFileType = sourcecode.swift; path = AccountFlowDetailRouter.swift; sourceTree = "<group>"; };
		B7B9141F2146AB7000FE9AD8 /* AccountFlowDetailModuleApi.swift */ = {isa = PBXFileReference; lastKnownFileType = sourcecode.swift; path = AccountFlowDetailModuleApi.swift; sourceTree = "<group>"; };
		B7B914202146AB7000FE9AD8 /* AccountFlowDetailInteractor.swift */ = {isa = PBXFileReference; lastKnownFileType = sourcecode.swift; path = AccountFlowDetailInteractor.swift; sourceTree = "<group>"; };
		B7B914212146AB7000FE9AD8 /* AccountFlowDetailView.swift */ = {isa = PBXFileReference; lastKnownFileType = sourcecode.swift; path = AccountFlowDetailView.swift; sourceTree = "<group>"; };
		B7B9142A2146AC0300FE9AD8 /* AccountFlowDetailCell.swift */ = {isa = PBXFileReference; lastKnownFileType = sourcecode.swift; path = AccountFlowDetailCell.swift; sourceTree = "<group>"; };
		B7B9142B2146AC0300FE9AD8 /* AccountFlowDetailCell.xib */ = {isa = PBXFileReference; lastKnownFileType = file.xib; path = AccountFlowDetailCell.xib; sourceTree = "<group>"; };
		B7B9142E2146B2ED00FE9AD8 /* UIScreen+Extention.swift */ = {isa = PBXFileReference; lastKnownFileType = sourcecode.swift; path = "UIScreen+Extention.swift"; sourceTree = "<group>"; };
		B7B914312146B71000FE9AD8 /* Mine.storyboard */ = {isa = PBXFileReference; fileEncoding = 4; lastKnownFileType = file.storyboard; path = Mine.storyboard; sourceTree = "<group>"; };
		B7B914352146C16100FE9AD8 /* MineUserInfoView.swift */ = {isa = PBXFileReference; lastKnownFileType = sourcecode.swift; path = MineUserInfoView.swift; sourceTree = "<group>"; };
		B7B914372146C16F00FE9AD8 /* MineUserInfoView.xib */ = {isa = PBXFileReference; lastKnownFileType = file.xib; path = MineUserInfoView.xib; sourceTree = "<group>"; };
		B7B9143A2146CC3900FE9AD8 /* AccountUSDTTransform.storyboard */ = {isa = PBXFileReference; lastKnownFileType = file.storyboard; path = AccountUSDTTransform.storyboard; sourceTree = "<group>"; };
		B7B9143B2146CC3900FE9AD8 /* AccountUSDTTransformDisplayData.swift */ = {isa = PBXFileReference; lastKnownFileType = sourcecode.swift; path = AccountUSDTTransformDisplayData.swift; sourceTree = "<group>"; };
		B7B9143C2146CC3900FE9AD8 /* AccountUSDTTransformPresenter.swift */ = {isa = PBXFileReference; lastKnownFileType = sourcecode.swift; path = AccountUSDTTransformPresenter.swift; sourceTree = "<group>"; };
		B7B9143D2146CC3900FE9AD8 /* AccountUSDTTransformRouter.swift */ = {isa = PBXFileReference; lastKnownFileType = sourcecode.swift; path = AccountUSDTTransformRouter.swift; sourceTree = "<group>"; };
		B7B9143E2146CC3900FE9AD8 /* AccountUSDTTransformModuleApi.swift */ = {isa = PBXFileReference; lastKnownFileType = sourcecode.swift; path = AccountUSDTTransformModuleApi.swift; sourceTree = "<group>"; };
		B7B9143F2146CC3900FE9AD8 /* AccountUSDTTransformInteractor.swift */ = {isa = PBXFileReference; lastKnownFileType = sourcecode.swift; path = AccountUSDTTransformInteractor.swift; sourceTree = "<group>"; };
		B7B914402146CC3900FE9AD8 /* AccountUSDTTransformView.swift */ = {isa = PBXFileReference; lastKnownFileType = sourcecode.swift; path = AccountUSDTTransformView.swift; sourceTree = "<group>"; };
		B7D1110B21481AED000B9728 /* ExtractUSDT.storyboard */ = {isa = PBXFileReference; lastKnownFileType = file.storyboard; path = ExtractUSDT.storyboard; sourceTree = "<group>"; };
		B7D1110C21481AED000B9728 /* ExtractUSDTDisplayData.swift */ = {isa = PBXFileReference; lastKnownFileType = sourcecode.swift; path = ExtractUSDTDisplayData.swift; sourceTree = "<group>"; };
		B7D1110D21481AED000B9728 /* ExtractUSDTPresenter.swift */ = {isa = PBXFileReference; lastKnownFileType = sourcecode.swift; path = ExtractUSDTPresenter.swift; sourceTree = "<group>"; };
		B7D1110E21481AED000B9728 /* ExtractUSDTRouter.swift */ = {isa = PBXFileReference; lastKnownFileType = sourcecode.swift; path = ExtractUSDTRouter.swift; sourceTree = "<group>"; };
		B7D1110F21481AED000B9728 /* ExtractUSDTModuleApi.swift */ = {isa = PBXFileReference; lastKnownFileType = sourcecode.swift; path = ExtractUSDTModuleApi.swift; sourceTree = "<group>"; };
		B7D1111021481AED000B9728 /* ExtractUSDTInteractor.swift */ = {isa = PBXFileReference; lastKnownFileType = sourcecode.swift; path = ExtractUSDTInteractor.swift; sourceTree = "<group>"; };
		B7D1111121481AED000B9728 /* ExtractUSDTView.swift */ = {isa = PBXFileReference; lastKnownFileType = sourcecode.swift; path = ExtractUSDTView.swift; sourceTree = "<group>"; };
		B7EB479C2145039900DB86C4 /* TableView+Protocol.swift */ = {isa = PBXFileReference; lastKnownFileType = sourcecode.swift; path = "TableView+Protocol.swift"; sourceTree = "<group>"; };
		B7EB479E214504BA00DB86C4 /* HomeSectionTitleHeader.swift */ = {isa = PBXFileReference; lastKnownFileType = sourcecode.swift; path = HomeSectionTitleHeader.swift; sourceTree = "<group>"; };
		B7EB47A0214504C800DB86C4 /* HomeSectionTitleHeader.xib */ = {isa = PBXFileReference; lastKnownFileType = file.xib; path = HomeSectionTitleHeader.xib; sourceTree = "<group>"; };
		B7EB47A321452C3100DB86C4 /* ScrollStackView.swift */ = {isa = PBXFileReference; lastKnownFileType = sourcecode.swift; path = ScrollStackView.swift; sourceTree = "<group>"; };
		B7EB47A521452C3D00DB86C4 /* ScrollStackView.xib */ = {isa = PBXFileReference; lastKnownFileType = file.xib; path = ScrollStackView.xib; sourceTree = "<group>"; };
		B7EB47A8214531F600DB86C4 /* MarketListVew.swift */ = {isa = PBXFileReference; lastKnownFileType = sourcecode.swift; path = MarketListVew.swift; sourceTree = "<group>"; };
		B7EB47AD21453C9500DB86C4 /* LSTabBarViewController.swift */ = {isa = PBXFileReference; lastKnownFileType = sourcecode.swift; path = LSTabBarViewController.swift; sourceTree = "<group>"; };
		B7EB47AF21454A5C00DB86C4 /* AppModules.swift */ = {isa = PBXFileReference; lastKnownFileType = sourcecode.swift; path = AppModules.swift; sourceTree = "<group>"; };
		B7EB47BE21454B9E00DB86C4 /* MineDisplayData.swift */ = {isa = PBXFileReference; lastKnownFileType = sourcecode.swift; path = MineDisplayData.swift; sourceTree = "<group>"; };
		B7EB47BF21454B9E00DB86C4 /* MinePresenter.swift */ = {isa = PBXFileReference; lastKnownFileType = sourcecode.swift; path = MinePresenter.swift; sourceTree = "<group>"; };
		B7EB47C021454B9E00DB86C4 /* MineRouter.swift */ = {isa = PBXFileReference; lastKnownFileType = sourcecode.swift; path = MineRouter.swift; sourceTree = "<group>"; };
		B7EB47C121454B9E00DB86C4 /* MineModuleApi.swift */ = {isa = PBXFileReference; lastKnownFileType = sourcecode.swift; path = MineModuleApi.swift; sourceTree = "<group>"; };
		B7EB47C221454B9E00DB86C4 /* MineInteractor.swift */ = {isa = PBXFileReference; lastKnownFileType = sourcecode.swift; path = MineInteractor.swift; sourceTree = "<group>"; };
		B7EB47C321454B9E00DB86C4 /* MineView.swift */ = {isa = PBXFileReference; lastKnownFileType = sourcecode.swift; path = MineView.swift; sourceTree = "<group>"; };
		B7EB47DA21454BFB00DB86C4 /* CToC.storyboard */ = {isa = PBXFileReference; lastKnownFileType = file.storyboard; path = CToC.storyboard; sourceTree = "<group>"; };
		B7EB47DB21454BFB00DB86C4 /* CToCDisplayData.swift */ = {isa = PBXFileReference; lastKnownFileType = sourcecode.swift; path = CToCDisplayData.swift; sourceTree = "<group>"; };
		B7EB47DC21454BFB00DB86C4 /* CToCPresenter.swift */ = {isa = PBXFileReference; lastKnownFileType = sourcecode.swift; path = CToCPresenter.swift; sourceTree = "<group>"; };
		B7EB47DD21454BFB00DB86C4 /* CToCRouter.swift */ = {isa = PBXFileReference; lastKnownFileType = sourcecode.swift; path = CToCRouter.swift; sourceTree = "<group>"; };
		B7EB47DE21454BFB00DB86C4 /* CToCModuleApi.swift */ = {isa = PBXFileReference; lastKnownFileType = sourcecode.swift; path = CToCModuleApi.swift; sourceTree = "<group>"; };
		B7EB47DF21454BFB00DB86C4 /* CToCInteractor.swift */ = {isa = PBXFileReference; lastKnownFileType = sourcecode.swift; path = CToCInteractor.swift; sourceTree = "<group>"; };
		B7EB47E021454BFB00DB86C4 /* CToCView.swift */ = {isa = PBXFileReference; lastKnownFileType = sourcecode.swift; path = CToCView.swift; sourceTree = "<group>"; };
		B7EB47E921454DA700DB86C4 /* LSNaviViewController.swift */ = {isa = PBXFileReference; lastKnownFileType = sourcecode.swift; path = LSNaviViewController.swift; sourceTree = "<group>"; };
		B7EB47EC214550E700DB86C4 /* LSBaseViewController.swift */ = {isa = PBXFileReference; lastKnownFileType = sourcecode.swift; path = LSBaseViewController.swift; sourceTree = "<group>"; };
		E2364AEE21421EB7008B6FDB /* LSWDAX.app */ = {isa = PBXFileReference; explicitFileType = wrapper.application; includeInIndex = 0; path = LSWDAX.app; sourceTree = BUILT_PRODUCTS_DIR; };
		E2364AF121421EB7008B6FDB /* AppDelegate.swift */ = {isa = PBXFileReference; lastKnownFileType = sourcecode.swift; path = AppDelegate.swift; sourceTree = "<group>"; };
		E2364AF321421EB7008B6FDB /* ViewController.swift */ = {isa = PBXFileReference; lastKnownFileType = sourcecode.swift; path = ViewController.swift; sourceTree = "<group>"; };
		E2364AF821421EB8008B6FDB /* Assets.xcassets */ = {isa = PBXFileReference; lastKnownFileType = folder.assetcatalog; path = Assets.xcassets; sourceTree = "<group>"; };
		E2364AFB21421EB8008B6FDB /* Base */ = {isa = PBXFileReference; lastKnownFileType = file.storyboard; name = Base; path = Base.lproj/LaunchScreen.storyboard; sourceTree = "<group>"; };
		E2364AFD21421EB8008B6FDB /* Info.plist */ = {isa = PBXFileReference; lastKnownFileType = text.plist.xml; path = Info.plist; sourceTree = "<group>"; };
		E2364B0F21422205008B6FDB /* Home.storyboard */ = {isa = PBXFileReference; lastKnownFileType = file.storyboard; path = Home.storyboard; sourceTree = "<group>"; };
		E258E5AA214616FD006075B8 /* WDAXAccount.storyboard */ = {isa = PBXFileReference; lastKnownFileType = file.storyboard; path = WDAXAccount.storyboard; sourceTree = "<group>"; };
		E258E5AB214616FD006075B8 /* WDAXAccountDisplayData.swift */ = {isa = PBXFileReference; lastKnownFileType = sourcecode.swift; path = WDAXAccountDisplayData.swift; sourceTree = "<group>"; };
		E258E5AC214616FD006075B8 /* WDAXAccountPresenter.swift */ = {isa = PBXFileReference; lastKnownFileType = sourcecode.swift; path = WDAXAccountPresenter.swift; sourceTree = "<group>"; };
		E258E5AD214616FD006075B8 /* WDAXAccountRouter.swift */ = {isa = PBXFileReference; lastKnownFileType = sourcecode.swift; path = WDAXAccountRouter.swift; sourceTree = "<group>"; };
		E258E5AE214616FD006075B8 /* WDAXAccountModuleApi.swift */ = {isa = PBXFileReference; lastKnownFileType = sourcecode.swift; path = WDAXAccountModuleApi.swift; sourceTree = "<group>"; };
		E258E5AF214616FD006075B8 /* WDAXAccountInteractor.swift */ = {isa = PBXFileReference; lastKnownFileType = sourcecode.swift; path = WDAXAccountInteractor.swift; sourceTree = "<group>"; };
		E258E5B0214616FD006075B8 /* WDAXAccountView.swift */ = {isa = PBXFileReference; lastKnownFileType = sourcecode.swift; path = WDAXAccountView.swift; sourceTree = "<group>"; };
		E258E5C121464AB2006075B8 /* AccountMenuItemView.swift */ = {isa = PBXFileReference; lastKnownFileType = sourcecode.swift; path = AccountMenuItemView.swift; sourceTree = "<group>"; };
		E258E5C321464ACE006075B8 /* AccountMenuItemView.xib */ = {isa = PBXFileReference; lastKnownFileType = file.xib; path = AccountMenuItemView.xib; sourceTree = "<group>"; };
		E258E5C621464EEA006075B8 /* AccountFlowListCell.swift */ = {isa = PBXFileReference; lastKnownFileType = sourcecode.swift; path = AccountFlowListCell.swift; sourceTree = "<group>"; };
		E258E5C721464EEA006075B8 /* AccountFlowListCell.xib */ = {isa = PBXFileReference; lastKnownFileType = file.xib; path = AccountFlowListCell.xib; sourceTree = "<group>"; };
		E258E5CB21466255006075B8 /* WDAXAccountInfoView.swift */ = {isa = PBXFileReference; lastKnownFileType = sourcecode.swift; path = WDAXAccountInfoView.swift; sourceTree = "<group>"; };
		E258E5CD21466261006075B8 /* WDAXAccountInfoView.xib */ = {isa = PBXFileReference; lastKnownFileType = file.xib; path = WDAXAccountInfoView.xib; sourceTree = "<group>"; };
		E258E5D0214666D3006075B8 /* ExchangeAccount.storyboard */ = {isa = PBXFileReference; lastKnownFileType = file.storyboard; path = ExchangeAccount.storyboard; sourceTree = "<group>"; };
		E258E5D1214666D3006075B8 /* ExchangeAccountDisplayData.swift */ = {isa = PBXFileReference; lastKnownFileType = sourcecode.swift; path = ExchangeAccountDisplayData.swift; sourceTree = "<group>"; };
		E258E5D2214666D3006075B8 /* ExchangeAccountPresenter.swift */ = {isa = PBXFileReference; lastKnownFileType = sourcecode.swift; path = ExchangeAccountPresenter.swift; sourceTree = "<group>"; };
		E258E5D3214666D3006075B8 /* ExchangeAccountRouter.swift */ = {isa = PBXFileReference; lastKnownFileType = sourcecode.swift; path = ExchangeAccountRouter.swift; sourceTree = "<group>"; };
		E258E5D4214666D3006075B8 /* ExchangeAccountModuleApi.swift */ = {isa = PBXFileReference; lastKnownFileType = sourcecode.swift; path = ExchangeAccountModuleApi.swift; sourceTree = "<group>"; };
		E258E5D5214666D3006075B8 /* ExchangeAccountInteractor.swift */ = {isa = PBXFileReference; lastKnownFileType = sourcecode.swift; path = ExchangeAccountInteractor.swift; sourceTree = "<group>"; };
		E258E5D6214666D3006075B8 /* ExchangeAccountView.swift */ = {isa = PBXFileReference; lastKnownFileType = sourcecode.swift; path = ExchangeAccountView.swift; sourceTree = "<group>"; };
		E258E5E021468260006075B8 /* ExchangeAccountInfoView.swift */ = {isa = PBXFileReference; lastKnownFileType = sourcecode.swift; path = ExchangeAccountInfoView.swift; sourceTree = "<group>"; };
		E258E5E22146826C006075B8 /* ExchangeAccountInfoView.xib */ = {isa = PBXFileReference; lastKnownFileType = file.xib; path = ExchangeAccountInfoView.xib; sourceTree = "<group>"; };
		E2AD19F02148B72C00232AAE /* Exchange.storyboard */ = {isa = PBXFileReference; lastKnownFileType = file.storyboard; path = Exchange.storyboard; sourceTree = "<group>"; };
		E2AD19F12148B72C00232AAE /* ExchangeDisplayData.swift */ = {isa = PBXFileReference; lastKnownFileType = sourcecode.swift; path = ExchangeDisplayData.swift; sourceTree = "<group>"; };
		E2AD19F22148B72C00232AAE /* ExchangePresenter.swift */ = {isa = PBXFileReference; lastKnownFileType = sourcecode.swift; path = ExchangePresenter.swift; sourceTree = "<group>"; };
		E2AD19F32148B72C00232AAE /* ExchangeRouter.swift */ = {isa = PBXFileReference; lastKnownFileType = sourcecode.swift; path = ExchangeRouter.swift; sourceTree = "<group>"; };
		E2AD19F42148B72C00232AAE /* ExchangeModuleApi.swift */ = {isa = PBXFileReference; lastKnownFileType = sourcecode.swift; path = ExchangeModuleApi.swift; sourceTree = "<group>"; };
		E2AD19F52148B72C00232AAE /* ExchangeInteractor.swift */ = {isa = PBXFileReference; lastKnownFileType = sourcecode.swift; path = ExchangeInteractor.swift; sourceTree = "<group>"; };
		E2AD19F62148B72C00232AAE /* ExchangeView.swift */ = {isa = PBXFileReference; lastKnownFileType = sourcecode.swift; path = ExchangeView.swift; sourceTree = "<group>"; };
		E2AD1A002148E81400232AAE /* AppDelegateExtension.swift */ = {isa = PBXFileReference; lastKnownFileType = sourcecode.swift; path = AppDelegateExtension.swift; sourceTree = "<group>"; };
		E2AD1A032148E9C500232AAE /* ExchangeHeaderView.swift */ = {isa = PBXFileReference; lastKnownFileType = sourcecode.swift; path = ExchangeHeaderView.swift; sourceTree = "<group>"; };
		E2AD1A052148E9D200232AAE /* ExchangeHeaderView.xib */ = {isa = PBXFileReference; lastKnownFileType = file.xib; path = ExchangeHeaderView.xib; sourceTree = "<group>"; };
		E2AD1A092148F81100232AAE /* MarkInfoHeader.swift */ = {isa = PBXFileReference; lastKnownFileType = sourcecode.swift; path = MarkInfoHeader.swift; sourceTree = "<group>"; };
		E2AD1A0B2148F81C00232AAE /* MarkInfoHeader.xib */ = {isa = PBXFileReference; lastKnownFileType = file.xib; path = MarkInfoHeader.xib; sourceTree = "<group>"; };
		E2AD1A0E2148FF5600232AAE /* KLineTimeSegment.swift */ = {isa = PBXFileReference; lastKnownFileType = sourcecode.swift; path = KLineTimeSegment.swift; sourceTree = "<group>"; };
		E2AD1A102148FF6200232AAE /* KLineTimeSegment.xib */ = {isa = PBXFileReference; lastKnownFileType = file.xib; path = KLineTimeSegment.xib; sourceTree = "<group>"; };
		E2AD1A132149080500232AAE /* DGTypeSelectView.swift */ = {isa = PBXFileReference; lastKnownFileType = sourcecode.swift; path = DGTypeSelectView.swift; sourceTree = "<group>"; };
		E2AD1A152149082100232AAE /* DGTypeSelectView.xib */ = {isa = PBXFileReference; lastKnownFileType = file.xib; path = DGTypeSelectView.xib; sourceTree = "<group>"; };
		E2AD1A18214909E100232AAE /* OrderBtnView.swift */ = {isa = PBXFileReference; lastKnownFileType = sourcecode.swift; path = OrderBtnView.swift; sourceTree = "<group>"; };
		E2AD1A1A214909EB00232AAE /* OrderBtnView.xib */ = {isa = PBXFileReference; lastKnownFileType = file.xib; path = OrderBtnView.xib; sourceTree = "<group>"; };
		E2AD1A1D21490FB000232AAE /* KLineView.swift */ = {isa = PBXFileReference; lastKnownFileType = sourcecode.swift; path = KLineView.swift; sourceTree = "<group>"; };
		E2AD1A1F21490FCE00232AAE /* KLineView.xib */ = {isa = PBXFileReference; lastKnownFileType = file.xib; path = KLineView.xib; sourceTree = "<group>"; };
		E2AD1A22214910E900232AAE /* ExchangeTipsView.swift */ = {isa = PBXFileReference; lastKnownFileType = sourcecode.swift; path = ExchangeTipsView.swift; sourceTree = "<group>"; };
		E2AD1A24214910F200232AAE /* ExchangeTipsView.xib */ = {isa = PBXFileReference; lastKnownFileType = file.xib; path = ExchangeTipsView.xib; sourceTree = "<group>"; };
		E2AE4EF6214A3362003D9C8C /* Exchange.xcassets */ = {isa = PBXFileReference; lastKnownFileType = folder.assetcatalog; path = Exchange.xcassets; sourceTree = "<group>"; };
		E2AE4F07214A4E41003D9C8C /* Order.storyboard */ = {isa = PBXFileReference; lastKnownFileType = file.storyboard; path = Order.storyboard; sourceTree = "<group>"; };
		E2AE4F08214A4E41003D9C8C /* OrderDisplayData.swift */ = {isa = PBXFileReference; lastKnownFileType = sourcecode.swift; path = OrderDisplayData.swift; sourceTree = "<group>"; };
		E2AE4F09214A4E41003D9C8C /* OrderPresenter.swift */ = {isa = PBXFileReference; lastKnownFileType = sourcecode.swift; path = OrderPresenter.swift; sourceTree = "<group>"; };
		E2AE4F0A214A4E41003D9C8C /* OrderRouter.swift */ = {isa = PBXFileReference; lastKnownFileType = sourcecode.swift; path = OrderRouter.swift; sourceTree = "<group>"; };
		E2AE4F0B214A4E41003D9C8C /* OrderModuleApi.swift */ = {isa = PBXFileReference; lastKnownFileType = sourcecode.swift; path = OrderModuleApi.swift; sourceTree = "<group>"; };
		E2AE4F0C214A4E41003D9C8C /* OrderInteractor.swift */ = {isa = PBXFileReference; lastKnownFileType = sourcecode.swift; path = OrderInteractor.swift; sourceTree = "<group>"; };
		E2AE4F0D214A4E41003D9C8C /* OrderView.swift */ = {isa = PBXFileReference; lastKnownFileType = sourcecode.swift; path = OrderView.swift; sourceTree = "<group>"; };
		E2AE4F16214A6592003D9C8C /* OerderConfirmView.swift */ = {isa = PBXFileReference; lastKnownFileType = sourcecode.swift; path = OerderConfirmView.swift; sourceTree = "<group>"; };
		E2AE4F18214A659A003D9C8C /* OerderConfirmView.xib */ = {isa = PBXFileReference; lastKnownFileType = file.xib; path = OerderConfirmView.xib; sourceTree = "<group>"; };
		E2AE4F1B214A7347003D9C8C /* OrderList.storyboard */ = {isa = PBXFileReference; lastKnownFileType = file.storyboard; path = OrderList.storyboard; sourceTree = "<group>"; };
		E2AE4F1C214A7347003D9C8C /* OrderListDisplayData.swift */ = {isa = PBXFileReference; lastKnownFileType = sourcecode.swift; path = OrderListDisplayData.swift; sourceTree = "<group>"; };
		E2AE4F1D214A7347003D9C8C /* OrderListPresenter.swift */ = {isa = PBXFileReference; lastKnownFileType = sourcecode.swift; path = OrderListPresenter.swift; sourceTree = "<group>"; };
		E2AE4F1E214A7347003D9C8C /* OrderListRouter.swift */ = {isa = PBXFileReference; lastKnownFileType = sourcecode.swift; path = OrderListRouter.swift; sourceTree = "<group>"; };
		E2AE4F1F214A7347003D9C8C /* OrderListModuleApi.swift */ = {isa = PBXFileReference; lastKnownFileType = sourcecode.swift; path = OrderListModuleApi.swift; sourceTree = "<group>"; };
		E2AE4F20214A7347003D9C8C /* OrderListInteractor.swift */ = {isa = PBXFileReference; lastKnownFileType = sourcecode.swift; path = OrderListInteractor.swift; sourceTree = "<group>"; };
		E2AE4F21214A7347003D9C8C /* OrderListView.swift */ = {isa = PBXFileReference; lastKnownFileType = sourcecode.swift; path = OrderListView.swift; sourceTree = "<group>"; };
		F0E455C6D1EF417C943F5599 /* Pods-LSWDAX.release.xcconfig */ = {isa = PBXFileReference; includeInIndex = 1; lastKnownFileType = text.xcconfig; name = "Pods-LSWDAX.release.xcconfig"; path = "Pods/Target Support Files/Pods-LSWDAX/Pods-LSWDAX.release.xcconfig"; sourceTree = "<group>"; };
/* End PBXFileReference section */

/* Begin PBXFrameworksBuildPhase section */
		E2364AEB21421EB7008B6FDB /* Frameworks */ = {
			isa = PBXFrameworksBuildPhase;
			buildActionMask = 2147483647;
			files = (
				B9F162ABA62714421BC2F163 /* Pods_LSWDAX.framework in Frameworks */,
			);
			runOnlyForDeploymentPostprocessing = 0;
		};
/* End PBXFrameworksBuildPhase section */

/* Begin PBXGroup section */
		2C1256A51F3446139BB3A9AA /* Frameworks */ = {
			isa = PBXGroup;
			children = (
				3F3C3AA5CFC70688E98D3E07 /* Pods_LSWDAX.framework */,
			);
			name = Frameworks;
			sourceTree = "<group>";
		};
		A166F80101D6E259EAC5901F /* Pods */ = {
			isa = PBXGroup;
			children = (
				A56BB65AE62F378A391337C2 /* Pods-LSWDAX.debug.xcconfig */,
				F0E455C6D1EF417C943F5599 /* Pods-LSWDAX.release.xcconfig */,
			);
			name = Pods;
			sourceTree = "<group>";
		};
		B75E7A4D21445D77006111B3 /* SubView */ = {
			isa = PBXGroup;
			children = (
				B7EB47A7214531D100DB86C4 /* MarketListVew */,
				B75E7A52214464A3006111B3 /* DIGICCYMarketView */,
				B75E7A5821446D0D006111B3 /* AccountView */,
				B7EB47A22145052200DB86C4 /* HomeSectionTitleHeader */,
				B75E7A5E21446D80006111B3 /* VolumeRankCell */,
			);
			path = SubView;
			sourceTree = "<group>";
		};
		B75E7A52214464A3006111B3 /* DIGICCYMarketView */ = {
			isa = PBXGroup;
			children = (
				B75E7A4E21445E6A006111B3 /* DIGICCYMarketView.swift */,
				B75E7A5021445E7E006111B3 /* DIGICCYMarketView.xib */,
			);
			path = DIGICCYMarketView;
			sourceTree = "<group>";
		};
		B75E7A5821446D0D006111B3 /* AccountView */ = {
			isa = PBXGroup;
			children = (
				B75E7A5321446541006111B3 /* AccountItemView.swift */,
				B75E7A552144654D006111B3 /* AccountItemView.xib */,
			);
			path = AccountView;
			sourceTree = "<group>";
		};
		B75E7A5E21446D80006111B3 /* VolumeRankCell */ = {
			isa = PBXGroup;
			children = (
				B75E7A5A21446D77006111B3 /* VolumeRankCell.swift */,
				B75E7A5B21446D77006111B3 /* VolumeRankCell.xib */,
			);
			path = VolumeRankCell;
			sourceTree = "<group>";
		};
		B7850E9F214569EF00D668C4 /* Extension */ = {
			isa = PBXGroup;
			children = (
				B7850EA021456A3C00D668C4 /* UIView+Extension.swift */,
				B7850EA5214573F100D668C4 /* UIColor+Extension.swift */,
				B7B9142E2146B2ED00FE9AD8 /* UIScreen+Extention.swift */,
			);
			path = Extension;
			sourceTree = "<group>";
		};
		B7850EA2214571AB00D668C4 /* UIStyle */ = {
			isa = PBXGroup;
			children = (
				B7850EA32145729D00D668C4 /* UIStyle.swift */,
			);
			path = UIStyle;
			sourceTree = "<group>";
		};
		B7B9141A2146AB4100FE9AD8 /* AccountFlowDetail */ = {
			isa = PBXGroup;
			children = (
				B7B914292146ABD800FE9AD8 /* SubView */,
				B7B9141B2146AB7000FE9AD8 /* AccountFlowDetail.storyboard */,
				B7B9141C2146AB7000FE9AD8 /* AccountFlowDetailDisplayData.swift */,
				B7B9141D2146AB7000FE9AD8 /* AccountFlowDetailPresenter.swift */,
				B7B9141E2146AB7000FE9AD8 /* AccountFlowDetailRouter.swift */,
				B7B9141F2146AB7000FE9AD8 /* AccountFlowDetailModuleApi.swift */,
				B7B914202146AB7000FE9AD8 /* AccountFlowDetailInteractor.swift */,
				B7B914212146AB7000FE9AD8 /* AccountFlowDetailView.swift */,
			);
			path = AccountFlowDetail;
			sourceTree = "<group>";
		};
		B7B914292146ABD800FE9AD8 /* SubView */ = {
			isa = PBXGroup;
			children = (
				B7B9142A2146AC0300FE9AD8 /* AccountFlowDetailCell.swift */,
				B7B9142B2146AC0300FE9AD8 /* AccountFlowDetailCell.xib */,
			);
			path = SubView;
			sourceTree = "<group>";
		};
		B7B914332146C13800FE9AD8 /* SubView */ = {
			isa = PBXGroup;
			children = (
				B7B914342146C14400FE9AD8 /* MineUserInfoView */,
			);
			path = SubView;
			sourceTree = "<group>";
		};
		B7B914342146C14400FE9AD8 /* MineUserInfoView */ = {
			isa = PBXGroup;
			children = (
				B7B914352146C16100FE9AD8 /* MineUserInfoView.swift */,
				B7B914372146C16F00FE9AD8 /* MineUserInfoView.xib */,
			);
			path = MineUserInfoView;
			sourceTree = "<group>";
		};
		B7B914392146CBF700FE9AD8 /* AccountUSDTTransform */ = {
			isa = PBXGroup;
			children = (
				B7B9143A2146CC3900FE9AD8 /* AccountUSDTTransform.storyboard */,
				B7B9143B2146CC3900FE9AD8 /* AccountUSDTTransformDisplayData.swift */,
				B7B9143C2146CC3900FE9AD8 /* AccountUSDTTransformPresenter.swift */,
				B7B9143D2146CC3900FE9AD8 /* AccountUSDTTransformRouter.swift */,
				B7B9143E2146CC3900FE9AD8 /* AccountUSDTTransformModuleApi.swift */,
				B7B9143F2146CC3900FE9AD8 /* AccountUSDTTransformInteractor.swift */,
				B7B914402146CC3900FE9AD8 /* AccountUSDTTransformView.swift */,
			);
			path = AccountUSDTTransform;
			sourceTree = "<group>";
		};
		B7D110EE21481958000B9728 /* ExtractUSDT */ = {
			isa = PBXGroup;
			children = (
				B7D1110B21481AED000B9728 /* ExtractUSDT.storyboard */,
				B7D1110C21481AED000B9728 /* ExtractUSDTDisplayData.swift */,
				B7D1110D21481AED000B9728 /* ExtractUSDTPresenter.swift */,
				B7D1110E21481AED000B9728 /* ExtractUSDTRouter.swift */,
				B7D1110F21481AED000B9728 /* ExtractUSDTModuleApi.swift */,
				B7D1111021481AED000B9728 /* ExtractUSDTInteractor.swift */,
				B7D1111121481AED000B9728 /* ExtractUSDTView.swift */,
			);
			path = ExtractUSDT;
			sourceTree = "<group>";
		};
		B7EB479B214502DD00DB86C4 /* Protocol */ = {
			isa = PBXGroup;
			children = (
				B7EB479C2145039900DB86C4 /* TableView+Protocol.swift */,
			);
			path = Protocol;
			sourceTree = "<group>";
		};
		B7EB47A22145052200DB86C4 /* HomeSectionTitleHeader */ = {
			isa = PBXGroup;
			children = (
				B7EB479E214504BA00DB86C4 /* HomeSectionTitleHeader.swift */,
				B7EB47A0214504C800DB86C4 /* HomeSectionTitleHeader.xib */,
			);
			path = HomeSectionTitleHeader;
			sourceTree = "<group>";
		};
		B7EB47A7214531D100DB86C4 /* MarketListVew */ = {
			isa = PBXGroup;
			children = (
				B7EB47A8214531F600DB86C4 /* MarketListVew.swift */,
			);
			path = MarketListVew;
			sourceTree = "<group>";
		};
		B7EB47AA21453B8B00DB86C4 /* Tabar */ = {
			isa = PBXGroup;
			children = (
				B7EB47AD21453C9500DB86C4 /* LSTabBarViewController.swift */,
			);
			path = Tabar;
			sourceTree = "<group>";
		};
		B7EB47CA21454BA300DB86C4 /* Mine */ = {
			isa = PBXGroup;
			children = (
				B7B914332146C13800FE9AD8 /* SubView */,
				B7B914312146B71000FE9AD8 /* Mine.storyboard */,
				B7EB47BE21454B9E00DB86C4 /* MineDisplayData.swift */,
				B7EB47BF21454B9E00DB86C4 /* MinePresenter.swift */,
				B7EB47C021454B9E00DB86C4 /* MineRouter.swift */,
				B7EB47C121454B9E00DB86C4 /* MineModuleApi.swift */,
				B7EB47C221454B9E00DB86C4 /* MineInteractor.swift */,
				B7EB47C321454B9E00DB86C4 /* MineView.swift */,
			);
			path = Mine;
			sourceTree = "<group>";
		};
		B7EB47E821454BFE00DB86C4 /* CToC */ = {
			isa = PBXGroup;
			children = (
				B7EB47DA21454BFB00DB86C4 /* CToC.storyboard */,
				B7EB47DB21454BFB00DB86C4 /* CToCDisplayData.swift */,
				B7EB47DC21454BFB00DB86C4 /* CToCPresenter.swift */,
				B7EB47DD21454BFB00DB86C4 /* CToCRouter.swift */,
				B7EB47DE21454BFB00DB86C4 /* CToCModuleApi.swift */,
				B7EB47DF21454BFB00DB86C4 /* CToCInteractor.swift */,
				B7EB47E021454BFB00DB86C4 /* CToCView.swift */,
			);
			path = CToC;
			sourceTree = "<group>";
		};
		B7EB47EB21454DAC00DB86C4 /* LSNaviViewController */ = {
			isa = PBXGroup;
			children = (
				B7EB47E921454DA700DB86C4 /* LSNaviViewController.swift */,
			);
			path = LSNaviViewController;
			sourceTree = "<group>";
		};
		B7EB47EE214550EE00DB86C4 /* LSBaseViewController */ = {
			isa = PBXGroup;
			children = (
				B7EB47EC214550E700DB86C4 /* LSBaseViewController.swift */,
			);
			path = LSBaseViewController;
			sourceTree = "<group>";
		};
		E2364AE521421EB7008B6FDB = {
			isa = PBXGroup;
			children = (
				E2364AF021421EB7008B6FDB /* LSWDAX */,
				E2364AEF21421EB7008B6FDB /* Products */,
				A166F80101D6E259EAC5901F /* Pods */,
				2C1256A51F3446139BB3A9AA /* Frameworks */,
			);
			sourceTree = "<group>";
		};
		E2364AEF21421EB7008B6FDB /* Products */ = {
			isa = PBXGroup;
			children = (
				E2364AEE21421EB7008B6FDB /* LSWDAX.app */,
			);
			name = Products;
			sourceTree = "<group>";
		};
		E2364AF021421EB7008B6FDB /* LSWDAX */ = {
			isa = PBXGroup;
			children = (
				E258E597214607CB006075B8 /* General */,
				B7850EA2214571AB00D668C4 /* UIStyle */,
				B7850E9F214569EF00D668C4 /* Extension */,
				B7EB479B214502DD00DB86C4 /* Protocol */,
				E2364B0321421F09008B6FDB /* AppDelegate */,
				B7EB47EB21454DAC00DB86C4 /* LSNaviViewController */,
				B7EB47EE214550EE00DB86C4 /* LSBaseViewController */,
				B7EB47AA21453B8B00DB86C4 /* Tabar */,
				E2364B11214222E9008B6FDB /* Interface */,
				E2364AF321421EB7008B6FDB /* ViewController.swift */,
				E2364AF821421EB8008B6FDB /* Assets.xcassets */,
				E2364AFA21421EB8008B6FDB /* LaunchScreen.storyboard */,
				E2364AFD21421EB8008B6FDB /* Info.plist */,
			);
			path = LSWDAX;
			sourceTree = "<group>";
		};
		E2364B0321421F09008B6FDB /* AppDelegate */ = {
			isa = PBXGroup;
			children = (
				E2364AF121421EB7008B6FDB /* AppDelegate.swift */,
				B7EB47AF21454A5C00DB86C4 /* AppModules.swift */,
				E2AD1A002148E81400232AAE /* AppDelegateExtension.swift */,
			);
			path = AppDelegate;
			sourceTree = "<group>";
		};
		E2364B11214222E9008B6FDB /* Interface */ = {
			isa = PBXGroup;
			children = (
				E2AD19EF2148B70000232AAE /* Exchange */,
				B7D110EE21481958000B9728 /* ExtractUSDT */,
				B7B914392146CBF700FE9AD8 /* AccountUSDTTransform */,
				E258E59A21460D2A006075B8 /* Account */,
				E293C00A21427BA3006E231E /* Home */,
				B7EB47CA21454BA300DB86C4 /* Mine */,
				B7EB47E821454BFE00DB86C4 /* CToC */,
			);
			path = Interface;
			sourceTree = "<group>";
		};
		E258E597214607CB006075B8 /* General */ = {
			isa = PBXGroup;
			children = (
				E258E598214607D4006075B8 /* Views */,
			);
			path = General;
			sourceTree = "<group>";
		};
		E258E598214607D4006075B8 /* Views */ = {
			isa = PBXGroup;
			children = (
				E258E599214607F7006075B8 /* ScrollStackView */,
			);
			path = Views;
			sourceTree = "<group>";
		};
		E258E599214607F7006075B8 /* ScrollStackView */ = {
			isa = PBXGroup;
			children = (
				B7EB47A321452C3100DB86C4 /* ScrollStackView.swift */,
				B7EB47A521452C3D00DB86C4 /* ScrollStackView.xib */,
			);
			path = ScrollStackView;
			sourceTree = "<group>";
		};
		E258E59A21460D2A006075B8 /* Account */ = {
			isa = PBXGroup;
			children = (
				B7B9141A2146AB4100FE9AD8 /* AccountFlowDetail */,
				E258E5CF214666B0006075B8 /* ExchangerAccount */,
				E258E5A921461577006075B8 /* WDAXAccount */,
			);
			path = Account;
			sourceTree = "<group>";
		};
		E258E5A921461577006075B8 /* WDAXAccount */ = {
			isa = PBXGroup;
			children = (
				E258E5B821461C69006075B8 /* SubView */,
				E258E5AA214616FD006075B8 /* WDAXAccount.storyboard */,
				E258E5AB214616FD006075B8 /* WDAXAccountDisplayData.swift */,
				E258E5AC214616FD006075B8 /* WDAXAccountPresenter.swift */,
				E258E5AD214616FD006075B8 /* WDAXAccountRouter.swift */,
				E258E5AE214616FD006075B8 /* WDAXAccountModuleApi.swift */,
				E258E5AF214616FD006075B8 /* WDAXAccountInteractor.swift */,
				E258E5B0214616FD006075B8 /* WDAXAccountView.swift */,
			);
			path = WDAXAccount;
			sourceTree = "<group>";
		};
		E258E5B821461C69006075B8 /* SubView */ = {
			isa = PBXGroup;
			children = (
				E258E5CA21466215006075B8 /* WDAXAccountInfoView */,
				E258E5C521464EBA006075B8 /* AccountFlowListCell */,
				E258E5C021464A88006075B8 /* AccountMenuItemView */,
			);
			path = SubView;
			sourceTree = "<group>";
		};
		E258E5C021464A88006075B8 /* AccountMenuItemView */ = {
			isa = PBXGroup;
			children = (
				E258E5C121464AB2006075B8 /* AccountMenuItemView.swift */,
				E258E5C321464ACE006075B8 /* AccountMenuItemView.xib */,
			);
			path = AccountMenuItemView;
			sourceTree = "<group>";
		};
		E258E5C521464EBA006075B8 /* AccountFlowListCell */ = {
			isa = PBXGroup;
			children = (
				E258E5C621464EEA006075B8 /* AccountFlowListCell.swift */,
				E258E5C721464EEA006075B8 /* AccountFlowListCell.xib */,
			);
			path = AccountFlowListCell;
			sourceTree = "<group>";
		};
		E258E5CA21466215006075B8 /* WDAXAccountInfoView */ = {
			isa = PBXGroup;
			children = (
				E258E5CB21466255006075B8 /* WDAXAccountInfoView.swift */,
				E258E5CD21466261006075B8 /* WDAXAccountInfoView.xib */,
			);
			path = WDAXAccountInfoView;
			sourceTree = "<group>";
		};
		E258E5CF214666B0006075B8 /* ExchangerAccount */ = {
			isa = PBXGroup;
			children = (
				E258E5DE21468233006075B8 /* SubView */,
				E258E5D0214666D3006075B8 /* ExchangeAccount.storyboard */,
				E258E5D1214666D3006075B8 /* ExchangeAccountDisplayData.swift */,
				E258E5D2214666D3006075B8 /* ExchangeAccountPresenter.swift */,
				E258E5D3214666D3006075B8 /* ExchangeAccountRouter.swift */,
				E258E5D4214666D3006075B8 /* ExchangeAccountModuleApi.swift */,
				E258E5D5214666D3006075B8 /* ExchangeAccountInteractor.swift */,
				E258E5D6214666D3006075B8 /* ExchangeAccountView.swift */,
			);
			path = ExchangerAccount;
			sourceTree = "<group>";
		};
		E258E5DE21468233006075B8 /* SubView */ = {
			isa = PBXGroup;
			children = (
				E258E5DF2146823F006075B8 /* ExchangeAccountInfoView */,
			);
			path = SubView;
			sourceTree = "<group>";
		};
		E258E5DF2146823F006075B8 /* ExchangeAccountInfoView */ = {
			isa = PBXGroup;
			children = (
				E258E5E021468260006075B8 /* ExchangeAccountInfoView.swift */,
				E258E5E22146826C006075B8 /* ExchangeAccountInfoView.xib */,
			);
			path = ExchangeAccountInfoView;
			sourceTree = "<group>";
		};
		E293C00A21427BA3006E231E /* Home */ = {
			isa = PBXGroup;
			children = (
				B75E7A4D21445D77006111B3 /* SubView */,
				E2364B0F21422205008B6FDB /* Home.storyboard */,
				B75E7A3721443CBE006111B3 /* HomeDisplayData.swift */,
				B75E7A3821443CBE006111B3 /* HomePresenter.swift */,
				B75E7A3921443CBE006111B3 /* HomeRouter.swift */,
				B75E7A3A21443CBE006111B3 /* HomeModuleApi.swift */,
				B75E7A3B21443CBE006111B3 /* HomeInteractor.swift */,
				B75E7A3C21443CBE006111B3 /* HomeView.swift */,
			);
			path = Home;
			sourceTree = "<group>";
		};
		E2AD19EF2148B70000232AAE /* Exchange */ = {
			isa = PBXGroup;
			children = (
				E2AE4F1A214A732F003D9C8C /* OrderList */,
				E2AE4EF8214A4DCE003D9C8C /* Order */,
				E2AD1A022148E99400232AAE /* SubView */,
				E2AD19F02148B72C00232AAE /* Exchange.storyboard */,
				E2AD19F12148B72C00232AAE /* ExchangeDisplayData.swift */,
				E2AD19F22148B72C00232AAE /* ExchangePresenter.swift */,
				E2AD19F32148B72C00232AAE /* ExchangeRouter.swift */,
				E2AD19F42148B72C00232AAE /* ExchangeModuleApi.swift */,
				E2AD19F52148B72C00232AAE /* ExchangeInteractor.swift */,
				E2AD19F62148B72C00232AAE /* ExchangeView.swift */,
				E2AE4EF6214A3362003D9C8C /* Exchange.xcassets */,
			);
			path = Exchange;
			sourceTree = "<group>";
		};
		E2AD1A022148E99400232AAE /* SubView */ = {
			isa = PBXGroup;
			children = (
				E2AD1A21214910C700232AAE /* ExchangeTipsView */,
				E2AD1A17214909C600232AAE /* OrderBtnView */,
				E2AD1A1C21490F9300232AAE /* KLineView */,
				E2AD1A122149071C00232AAE /* DGTypeSelectView */,
				E2AD1A0D2148FF2D00232AAE /* KLineTimeSegment */,
				E2AD1A082148F7F500232AAE /* MarkInfoHeader */,
				E2AD1A072148F79000232AAE /* ExchangeHeaderView */,
			);
			path = SubView;
			sourceTree = "<group>";
		};
		E2AD1A072148F79000232AAE /* ExchangeHeaderView */ = {
			isa = PBXGroup;
			children = (
				E2AD1A032148E9C500232AAE /* ExchangeHeaderView.swift */,
				E2AD1A052148E9D200232AAE /* ExchangeHeaderView.xib */,
			);
			path = ExchangeHeaderView;
			sourceTree = "<group>";
		};
		E2AD1A082148F7F500232AAE /* MarkInfoHeader */ = {
			isa = PBXGroup;
			children = (
				E2AD1A092148F81100232AAE /* MarkInfoHeader.swift */,
				E2AD1A0B2148F81C00232AAE /* MarkInfoHeader.xib */,
			);
			path = MarkInfoHeader;
			sourceTree = "<group>";
		};
		E2AD1A0D2148FF2D00232AAE /* KLineTimeSegment */ = {
			isa = PBXGroup;
			children = (
				E2AD1A0E2148FF5600232AAE /* KLineTimeSegment.swift */,
				E2AD1A102148FF6200232AAE /* KLineTimeSegment.xib */,
			);
			path = KLineTimeSegment;
			sourceTree = "<group>";
		};
		E2AD1A122149071C00232AAE /* DGTypeSelectView */ = {
			isa = PBXGroup;
			children = (
				E2AD1A132149080500232AAE /* DGTypeSelectView.swift */,
				E2AD1A152149082100232AAE /* DGTypeSelectView.xib */,
			);
			path = DGTypeSelectView;
			sourceTree = "<group>";
		};
		E2AD1A17214909C600232AAE /* OrderBtnView */ = {
			isa = PBXGroup;
			children = (
				E2AD1A18214909E100232AAE /* OrderBtnView.swift */,
				E2AD1A1A214909EB00232AAE /* OrderBtnView.xib */,
			);
			path = OrderBtnView;
			sourceTree = "<group>";
		};
		E2AD1A1C21490F9300232AAE /* KLineView */ = {
			isa = PBXGroup;
			children = (
				E2AD1A1D21490FB000232AAE /* KLineView.swift */,
				E2AD1A1F21490FCE00232AAE /* KLineView.xib */,
			);
			path = KLineView;
			sourceTree = "<group>";
		};
		E2AD1A21214910C700232AAE /* ExchangeTipsView */ = {
			isa = PBXGroup;
			children = (
				E2AD1A22214910E900232AAE /* ExchangeTipsView.swift */,
				E2AD1A24214910F200232AAE /* ExchangeTipsView.xib */,
			);
			path = ExchangeTipsView;
			sourceTree = "<group>";
		};
		E2AE4EF8214A4DCE003D9C8C /* Order */ = {
			isa = PBXGroup;
			children = (
				E2AE4F15214A6532003D9C8C /* OerderConfirmView */,
				E2AE4F07214A4E41003D9C8C /* Order.storyboard */,
				E2AE4F08214A4E41003D9C8C /* OrderDisplayData.swift */,
				E2AE4F09214A4E41003D9C8C /* OrderPresenter.swift */,
				E2AE4F0A214A4E41003D9C8C /* OrderRouter.swift */,
				E2AE4F0B214A4E41003D9C8C /* OrderModuleApi.swift */,
				E2AE4F0C214A4E41003D9C8C /* OrderInteractor.swift */,
				E2AE4F0D214A4E41003D9C8C /* OrderView.swift */,
			);
			path = Order;
			sourceTree = "<group>";
		};
		E2AE4F15214A6532003D9C8C /* OerderConfirmView */ = {
			isa = PBXGroup;
			children = (
				E2AE4F16214A6592003D9C8C /* OerderConfirmView.swift */,
				E2AE4F18214A659A003D9C8C /* OerderConfirmView.xib */,
			);
			path = OerderConfirmView;
			sourceTree = "<group>";
		};
		E2AE4F1A214A732F003D9C8C /* OrderList */ = {
			isa = PBXGroup;
			children = (
				E2AE4F1B214A7347003D9C8C /* OrderList.storyboard */,
				E2AE4F1C214A7347003D9C8C /* OrderListDisplayData.swift */,
				E2AE4F1D214A7347003D9C8C /* OrderListPresenter.swift */,
				E2AE4F1E214A7347003D9C8C /* OrderListRouter.swift */,
				E2AE4F1F214A7347003D9C8C /* OrderListModuleApi.swift */,
				E2AE4F20214A7347003D9C8C /* OrderListInteractor.swift */,
				E2AE4F21214A7347003D9C8C /* OrderListView.swift */,
			);
			path = OrderList;
			sourceTree = "<group>";
		};
/* End PBXGroup section */

/* Begin PBXNativeTarget section */
		E2364AED21421EB7008B6FDB /* LSWDAX */ = {
			isa = PBXNativeTarget;
			buildConfigurationList = E2364B0021421EB8008B6FDB /* Build configuration list for PBXNativeTarget "LSWDAX" */;
			buildPhases = (
				8F8ED6B78317160EFDF090D4 /* [CP] Check Pods Manifest.lock */,
				E2364AEA21421EB7008B6FDB /* Sources */,
				E2364AEB21421EB7008B6FDB /* Frameworks */,
				E2364AEC21421EB7008B6FDB /* Resources */,
				B53A230067B2AF2BFA112939 /* [CP] Embed Pods Frameworks */,
			);
			buildRules = (
			);
			dependencies = (
			);
			name = LSWDAX;
			productName = LSWDAX;
			productReference = E2364AEE21421EB7008B6FDB /* LSWDAX.app */;
			productType = "com.apple.product-type.application";
		};
/* End PBXNativeTarget section */

/* Begin PBXProject section */
		E2364AE621421EB7008B6FDB /* Project object */ = {
			isa = PBXProject;
			attributes = {
				CLASSPREFIX = LS;
				LastSwiftUpdateCheck = 0940;
				LastUpgradeCheck = 0940;
				ORGANIZATIONNAME = landsone;
				TargetAttributes = {
					E2364AED21421EB7008B6FDB = {
						CreatedOnToolsVersion = 9.4;
						ProvisioningStyle = Automatic;
					};
				};
			};
			buildConfigurationList = E2364AE921421EB7008B6FDB /* Build configuration list for PBXProject "LSWDAX" */;
			compatibilityVersion = "Xcode 9.3";
			developmentRegion = en;
			hasScannedForEncodings = 0;
			knownRegions = (
				en,
				Base,
			);
			mainGroup = E2364AE521421EB7008B6FDB;
			productRefGroup = E2364AEF21421EB7008B6FDB /* Products */;
			projectDirPath = "";
			projectRoot = "";
			targets = (
				E2364AED21421EB7008B6FDB /* LSWDAX */,
			);
		};
/* End PBXProject section */

/* Begin PBXResourcesBuildPhase section */
		E2364AEC21421EB7008B6FDB /* Resources */ = {
			isa = PBXResourcesBuildPhase;
			buildActionMask = 2147483647;
			files = (
				E258E5CE21466261006075B8 /* WDAXAccountInfoView.xib in Resources */,
				E2AE4F22214A7347003D9C8C /* OrderList.storyboard in Resources */,
				B7EB47A1214504C800DB86C4 /* HomeSectionTitleHeader.xib in Resources */,
				B7EB47A621452C3D00DB86C4 /* ScrollStackView.xib in Resources */,
				E2AE4F0E214A4E41003D9C8C /* Order.storyboard in Resources */,
				E258E5C421464ACE006075B8 /* AccountMenuItemView.xib in Resources */,
				B7EB47E121454BFB00DB86C4 /* CToC.storyboard in Resources */,
				E258E5D7214666D3006075B8 /* ExchangeAccount.storyboard in Resources */,
				B75E7A5D21446D77006111B3 /* VolumeRankCell.xib in Resources */,
				B7B914322146B71100FE9AD8 /* Mine.storyboard in Resources */,
				E2364B1021422205008B6FDB /* Home.storyboard in Resources */,
				E2AD19F72148B72C00232AAE /* Exchange.storyboard in Resources */,
				E2AD1A062148E9D200232AAE /* ExchangeHeaderView.xib in Resources */,
				E2AD1A0C2148F81C00232AAE /* MarkInfoHeader.xib in Resources */,
				E2364AFC21421EB8008B6FDB /* LaunchScreen.storyboard in Resources */,
				B75E7A562144654D006111B3 /* AccountItemView.xib in Resources */,
				E258E5B1214616FD006075B8 /* WDAXAccount.storyboard in Resources */,
				E2AE4F19214A659A003D9C8C /* OerderConfirmView.xib in Resources */,
				B7B914382146C16F00FE9AD8 /* MineUserInfoView.xib in Resources */,
				E2AD1A1B214909EB00232AAE /* OrderBtnView.xib in Resources */,
				B7B914412146CC3900FE9AD8 /* AccountUSDTTransform.storyboard in Resources */,
				E2AD1A112148FF6200232AAE /* KLineTimeSegment.xib in Resources */,
				E258E5C921464EEA006075B8 /* AccountFlowListCell.xib in Resources */,
				E2AD1A2021490FCE00232AAE /* KLineView.xib in Resources */,
				E2AD1A162149082100232AAE /* DGTypeSelectView.xib in Resources */,
				B7B914222146AB7000FE9AD8 /* AccountFlowDetail.storyboard in Resources */,
				B7D1111221481AED000B9728 /* ExtractUSDT.storyboard in Resources */,
				E2AD1A25214910F200232AAE /* ExchangeTipsView.xib in Resources */,
				E2AE4EF7214A3362003D9C8C /* Exchange.xcassets in Resources */,
				B7B9142D2146AC0300FE9AD8 /* AccountFlowDetailCell.xib in Resources */,
				B75E7A5121445E7E006111B3 /* DIGICCYMarketView.xib in Resources */,
				E2364AF921421EB8008B6FDB /* Assets.xcassets in Resources */,
				E258E5E32146826C006075B8 /* ExchangeAccountInfoView.xib in Resources */,
			);
			runOnlyForDeploymentPostprocessing = 0;
		};
/* End PBXResourcesBuildPhase section */

/* Begin PBXShellScriptBuildPhase section */
		8F8ED6B78317160EFDF090D4 /* [CP] Check Pods Manifest.lock */ = {
			isa = PBXShellScriptBuildPhase;
			buildActionMask = 2147483647;
			files = (
			);
			inputPaths = (
				"${PODS_PODFILE_DIR_PATH}/Podfile.lock",
				"${PODS_ROOT}/Manifest.lock",
			);
			name = "[CP] Check Pods Manifest.lock";
			outputPaths = (
				"$(DERIVED_FILE_DIR)/Pods-LSWDAX-checkManifestLockResult.txt",
			);
			runOnlyForDeploymentPostprocessing = 0;
			shellPath = /bin/sh;
			shellScript = "diff \"${PODS_PODFILE_DIR_PATH}/Podfile.lock\" \"${PODS_ROOT}/Manifest.lock\" > /dev/null\nif [ $? != 0 ] ; then\n    # print error to STDERR\n    echo \"error: The sandbox is not in sync with the Podfile.lock. Run 'pod install' or update your CocoaPods installation.\" >&2\n    exit 1\nfi\n# This output is used by Xcode 'outputs' to avoid re-running this script phase.\necho \"SUCCESS\" > \"${SCRIPT_OUTPUT_FILE_0}\"\n";
			showEnvVarsInLog = 0;
		};
		B53A230067B2AF2BFA112939 /* [CP] Embed Pods Frameworks */ = {
			isa = PBXShellScriptBuildPhase;
			buildActionMask = 2147483647;
			files = (
			);
			inputPaths = (
				"${SRCROOT}/Pods/Target Support Files/Pods-LSWDAX/Pods-LSWDAX-frameworks.sh",
				"${BUILT_PRODUCTS_DIR}/HandyJSON/HandyJSON.framework",
				"${BUILT_PRODUCTS_DIR}/IQKeyboardManagerSwift/IQKeyboardManagerSwift.framework",
				"${BUILT_PRODUCTS_DIR}/MJRefresh/MJRefresh.framework",
				"${BUILT_PRODUCTS_DIR}/ObjcExceptionBridging/ObjcExceptionBridging.framework",
				"${BUILT_PRODUCTS_DIR}/SnapKit/SnapKit.framework",
				"${BUILT_PRODUCTS_DIR}/Then/Then.framework",
				"${BUILT_PRODUCTS_DIR}/Viperit/Viperit.framework",
				"${BUILT_PRODUCTS_DIR}/XCGLogger/XCGLogger.framework",
			);
			name = "[CP] Embed Pods Frameworks";
			outputPaths = (
				"${TARGET_BUILD_DIR}/${FRAMEWORKS_FOLDER_PATH}/HandyJSON.framework",
				"${TARGET_BUILD_DIR}/${FRAMEWORKS_FOLDER_PATH}/IQKeyboardManagerSwift.framework",
				"${TARGET_BUILD_DIR}/${FRAMEWORKS_FOLDER_PATH}/MJRefresh.framework",
				"${TARGET_BUILD_DIR}/${FRAMEWORKS_FOLDER_PATH}/ObjcExceptionBridging.framework",
				"${TARGET_BUILD_DIR}/${FRAMEWORKS_FOLDER_PATH}/SnapKit.framework",
				"${TARGET_BUILD_DIR}/${FRAMEWORKS_FOLDER_PATH}/Then.framework",
				"${TARGET_BUILD_DIR}/${FRAMEWORKS_FOLDER_PATH}/Viperit.framework",
				"${TARGET_BUILD_DIR}/${FRAMEWORKS_FOLDER_PATH}/XCGLogger.framework",
			);
			runOnlyForDeploymentPostprocessing = 0;
			shellPath = /bin/sh;
			shellScript = "\"${SRCROOT}/Pods/Target Support Files/Pods-LSWDAX/Pods-LSWDAX-frameworks.sh\"\n";
			showEnvVarsInLog = 0;
		};
/* End PBXShellScriptBuildPhase section */

/* Begin PBXSourcesBuildPhase section */
		E2364AEA21421EB7008B6FDB /* Sources */ = {
			isa = PBXSourcesBuildPhase;
			buildActionMask = 2147483647;
			files = (
				B7EB479D2145039900DB86C4 /* TableView+Protocol.swift in Sources */,
				E258E5B5214616FD006075B8 /* WDAXAccountModuleApi.swift in Sources */,
				B7EB47C521454B9E00DB86C4 /* MinePresenter.swift in Sources */,
				E258E5C821464EEA006075B8 /* AccountFlowListCell.swift in Sources */,
				B75E7A4121443CBE006111B3 /* HomeInteractor.swift in Sources */,
				E2364AF421421EB7008B6FDB /* ViewController.swift in Sources */,
				E2364AF221421EB7008B6FDB /* AppDelegate.swift in Sources */,
				E258E5B4214616FD006075B8 /* WDAXAccountRouter.swift in Sources */,
				B75E7A4021443CBE006111B3 /* HomeModuleApi.swift in Sources */,
				B7B914252146AB7000FE9AD8 /* AccountFlowDetailRouter.swift in Sources */,
				E2AD1A0F2148FF5600232AAE /* KLineTimeSegment.swift in Sources */,
				E2AE4F26214A7347003D9C8C /* OrderListModuleApi.swift in Sources */,
				E2AD1A012148E81400232AAE /* AppDelegateExtension.swift in Sources */,
				B7D1111621481AED000B9728 /* ExtractUSDTModuleApi.swift in Sources */,
				B7EB47E321454BFB00DB86C4 /* CToCPresenter.swift in Sources */,
				B7EB47C421454B9E00DB86C4 /* MineDisplayData.swift in Sources */,
				B7B914232146AB7000FE9AD8 /* AccountFlowDetailDisplayData.swift in Sources */,
				E2AE4F27214A7347003D9C8C /* OrderListInteractor.swift in Sources */,
				B7850EA121456A3C00D668C4 /* UIView+Extension.swift in Sources */,
				B7EB47C621454B9E00DB86C4 /* MineRouter.swift in Sources */,
				B7EB47E221454BFB00DB86C4 /* CToCDisplayData.swift in Sources */,
				E2AE4F10214A4E41003D9C8C /* OrderPresenter.swift in Sources */,
				E2AD19FA2148B72C00232AAE /* ExchangeRouter.swift in Sources */,
				B7EB47E621454BFB00DB86C4 /* CToCInteractor.swift in Sources */,
				B7EB47AE21453C9500DB86C4 /* LSTabBarViewController.swift in Sources */,
				E2AD1A042148E9C500232AAE /* ExchangeHeaderView.swift in Sources */,
				B7EB47EA21454DA700DB86C4 /* LSNaviViewController.swift in Sources */,
				E2AE4F0F214A4E41003D9C8C /* OrderDisplayData.swift in Sources */,
				B75E7A5421446541006111B3 /* AccountItemView.swift in Sources */,
				E2AD19FD2148B72C00232AAE /* ExchangeView.swift in Sources */,
				B75E7A4F21445E6A006111B3 /* DIGICCYMarketView.swift in Sources */,
				B7D1111321481AED000B9728 /* ExtractUSDTDisplayData.swift in Sources */,
				E2AD1A19214909E100232AAE /* OrderBtnView.swift in Sources */,
				B7B9142F2146B2ED00FE9AD8 /* UIScreen+Extention.swift in Sources */,
				B75E7A4221443CBE006111B3 /* HomeView.swift in Sources */,
				B7B914242146AB7000FE9AD8 /* AccountFlowDetailPresenter.swift in Sources */,
				B7EB47C721454B9E00DB86C4 /* MineModuleApi.swift in Sources */,
				E258E5DD214666D3006075B8 /* ExchangeAccountView.swift in Sources */,
				E258E5DA214666D3006075B8 /* ExchangeAccountRouter.swift in Sources */,
				B7B914432146CC3900FE9AD8 /* AccountUSDTTransformPresenter.swift in Sources */,
				E258E5DB214666D3006075B8 /* ExchangeAccountModuleApi.swift in Sources */,
				B7B9142C2146AC0300FE9AD8 /* AccountFlowDetailCell.swift in Sources */,
				B7EB47C921454B9E00DB86C4 /* MineView.swift in Sources */,
				B7EB47E721454BFB00DB86C4 /* CToCView.swift in Sources */,
				B7EB47E421454BFB00DB86C4 /* CToCRouter.swift in Sources */,
				E2AE4F28214A7347003D9C8C /* OrderListView.swift in Sources */,
				B7B914282146AB7000FE9AD8 /* AccountFlowDetailView.swift in Sources */,
				E258E5C221464AB2006075B8 /* AccountMenuItemView.swift in Sources */,
				B7B914362146C16100FE9AD8 /* MineUserInfoView.swift in Sources */,
				E2AD1A142149080500232AAE /* DGTypeSelectView.swift in Sources */,
				B7EB47E521454BFB00DB86C4 /* CToCModuleApi.swift in Sources */,
				E258E5B2214616FD006075B8 /* WDAXAccountDisplayData.swift in Sources */,
				E2AE4F11214A4E41003D9C8C /* OrderRouter.swift in Sources */,
				B7EB47ED214550E700DB86C4 /* LSBaseViewController.swift in Sources */,
				B7EB47B021454A5C00DB86C4 /* AppModules.swift in Sources */,
				E258E5DC214666D3006075B8 /* ExchangeAccountInteractor.swift in Sources */,
				B7D1111721481AED000B9728 /* ExtractUSDTInteractor.swift in Sources */,
				E258E5B7214616FD006075B8 /* WDAXAccountView.swift in Sources */,
				B7B914262146AB7000FE9AD8 /* AccountFlowDetailModuleApi.swift in Sources */,
				E2AE4F14214A4E41003D9C8C /* OrderView.swift in Sources */,
				E258E5B3214616FD006075B8 /* WDAXAccountPresenter.swift in Sources */,
				E258E5D8214666D3006075B8 /* ExchangeAccountDisplayData.swift in Sources */,
				B7B914442146CC3900FE9AD8 /* AccountUSDTTransformRouter.swift in Sources */,
				B75E7A5C21446D77006111B3 /* VolumeRankCell.swift in Sources */,
				E2AE4F12214A4E41003D9C8C /* OrderModuleApi.swift in Sources */,
				B75E7A3F21443CBE006111B3 /* HomeRouter.swift in Sources */,
				B7B914272146AB7000FE9AD8 /* AccountFlowDetailInteractor.swift in Sources */,
				E2AE4F17214A6592003D9C8C /* OerderConfirmView.swift in Sources */,
				B7850EA6214573F100D668C4 /* UIColor+Extension.swift in Sources */,
				B7EB479F214504BA00DB86C4 /* HomeSectionTitleHeader.swift in Sources */,
				E258E5D9214666D3006075B8 /* ExchangeAccountPresenter.swift in Sources */,
				E2AE4F25214A7347003D9C8C /* OrderListRouter.swift in Sources */,
				E2AD19F82148B72C00232AAE /* ExchangeDisplayData.swift in Sources */,
				E2AD19FC2148B72C00232AAE /* ExchangeInteractor.swift in Sources */,
				B7D1111821481AED000B9728 /* ExtractUSDTView.swift in Sources */,
				B7B914472146CC3900FE9AD8 /* AccountUSDTTransformView.swift in Sources */,
				B7EB47C821454B9E00DB86C4 /* MineInteractor.swift in Sources */,
				E2AE4F13214A4E41003D9C8C /* OrderInteractor.swift in Sources */,
				B75E7A3E21443CBE006111B3 /* HomePresenter.swift in Sources */,
				B7D1111421481AED000B9728 /* ExtractUSDTPresenter.swift in Sources */,
				E2AD1A23214910E900232AAE /* ExchangeTipsView.swift in Sources */,
				B7B914452146CC3900FE9AD8 /* AccountUSDTTransformModuleApi.swift in Sources */,
				B7EB47A421452C3100DB86C4 /* ScrollStackView.swift in Sources */,
				E2AD19FB2148B72C00232AAE /* ExchangeModuleApi.swift in Sources */,
				E2AD19F92148B72C00232AAE /* ExchangePresenter.swift in Sources */,
				E258E5CC21466255006075B8 /* WDAXAccountInfoView.swift in Sources */,
				E258E5B6214616FD006075B8 /* WDAXAccountInteractor.swift in Sources */,
				B7EB47A9214531F600DB86C4 /* MarketListVew.swift in Sources */,
				E2AD1A1E21490FB000232AAE /* KLineView.swift in Sources */,
				B7B914462146CC3900FE9AD8 /* AccountUSDTTransformInteractor.swift in Sources */,
				B75E7A3D21443CBE006111B3 /* HomeDisplayData.swift in Sources */,
				B7D1111521481AED000B9728 /* ExtractUSDTRouter.swift in Sources */,
				B7850EA42145729D00D668C4 /* UIStyle.swift in Sources */,
				E258E5E121468260006075B8 /* ExchangeAccountInfoView.swift in Sources */,
				E2AE4F23214A7347003D9C8C /* OrderListDisplayData.swift in Sources */,
				E2AE4F24214A7347003D9C8C /* OrderListPresenter.swift in Sources */,
				B7B914422146CC3900FE9AD8 /* AccountUSDTTransformDisplayData.swift in Sources */,
				E2AD1A0A2148F81100232AAE /* MarkInfoHeader.swift in Sources */,
			);
			runOnlyForDeploymentPostprocessing = 0;
		};
/* End PBXSourcesBuildPhase section */

/* Begin PBXVariantGroup section */
		E2364AFA21421EB8008B6FDB /* LaunchScreen.storyboard */ = {
			isa = PBXVariantGroup;
			children = (
				E2364AFB21421EB8008B6FDB /* Base */,
			);
			name = LaunchScreen.storyboard;
			sourceTree = "<group>";
		};
/* End PBXVariantGroup section */

/* Begin XCBuildConfiguration section */
		E2364AFE21421EB8008B6FDB /* Debug */ = {
			isa = XCBuildConfiguration;
			buildSettings = {
				ALWAYS_SEARCH_USER_PATHS = NO;
				CLANG_ANALYZER_NONNULL = YES;
				CLANG_ANALYZER_NUMBER_OBJECT_CONVERSION = YES_AGGRESSIVE;
				CLANG_CXX_LANGUAGE_STANDARD = "gnu++14";
				CLANG_CXX_LIBRARY = "libc++";
				CLANG_ENABLE_MODULES = YES;
				CLANG_ENABLE_OBJC_ARC = YES;
				CLANG_ENABLE_OBJC_WEAK = YES;
				CLANG_WARN_BLOCK_CAPTURE_AUTORELEASING = YES;
				CLANG_WARN_BOOL_CONVERSION = YES;
				CLANG_WARN_COMMA = YES;
				CLANG_WARN_CONSTANT_CONVERSION = YES;
				CLANG_WARN_DEPRECATED_OBJC_IMPLEMENTATIONS = YES;
				CLANG_WARN_DIRECT_OBJC_ISA_USAGE = YES_ERROR;
				CLANG_WARN_DOCUMENTATION_COMMENTS = YES;
				CLANG_WARN_EMPTY_BODY = YES;
				CLANG_WARN_ENUM_CONVERSION = YES;
				CLANG_WARN_INFINITE_RECURSION = YES;
				CLANG_WARN_INT_CONVERSION = YES;
				CLANG_WARN_NON_LITERAL_NULL_CONVERSION = YES;
				CLANG_WARN_OBJC_IMPLICIT_RETAIN_SELF = YES;
				CLANG_WARN_OBJC_LITERAL_CONVERSION = YES;
				CLANG_WARN_OBJC_ROOT_CLASS = YES_ERROR;
				CLANG_WARN_RANGE_LOOP_ANALYSIS = YES;
				CLANG_WARN_STRICT_PROTOTYPES = YES;
				CLANG_WARN_SUSPICIOUS_MOVE = YES;
				CLANG_WARN_UNGUARDED_AVAILABILITY = YES_AGGRESSIVE;
				CLANG_WARN_UNREACHABLE_CODE = YES;
				CLANG_WARN__DUPLICATE_METHOD_MATCH = YES;
				CODE_SIGN_IDENTITY = "iPhone Developer";
				COPY_PHASE_STRIP = NO;
				DEBUG_INFORMATION_FORMAT = dwarf;
				ENABLE_STRICT_OBJC_MSGSEND = YES;
				ENABLE_TESTABILITY = YES;
				GCC_C_LANGUAGE_STANDARD = gnu11;
				GCC_DYNAMIC_NO_PIC = NO;
				GCC_NO_COMMON_BLOCKS = YES;
				GCC_OPTIMIZATION_LEVEL = 0;
				GCC_PREPROCESSOR_DEFINITIONS = (
					"DEBUG=1",
					"$(inherited)",
				);
				GCC_WARN_64_TO_32_BIT_CONVERSION = YES;
				GCC_WARN_ABOUT_RETURN_TYPE = YES_ERROR;
				GCC_WARN_UNDECLARED_SELECTOR = YES;
				GCC_WARN_UNINITIALIZED_AUTOS = YES_AGGRESSIVE;
				GCC_WARN_UNUSED_FUNCTION = YES;
				GCC_WARN_UNUSED_VARIABLE = YES;
				IPHONEOS_DEPLOYMENT_TARGET = 9.0;
				MTL_ENABLE_DEBUG_INFO = YES;
				ONLY_ACTIVE_ARCH = YES;
				SDKROOT = iphoneos;
				SWIFT_ACTIVE_COMPILATION_CONDITIONS = DEBUG;
				SWIFT_OPTIMIZATION_LEVEL = "-Onone";
			};
			name = Debug;
		};
		E2364AFF21421EB8008B6FDB /* Release */ = {
			isa = XCBuildConfiguration;
			buildSettings = {
				ALWAYS_SEARCH_USER_PATHS = NO;
				CLANG_ANALYZER_NONNULL = YES;
				CLANG_ANALYZER_NUMBER_OBJECT_CONVERSION = YES_AGGRESSIVE;
				CLANG_CXX_LANGUAGE_STANDARD = "gnu++14";
				CLANG_CXX_LIBRARY = "libc++";
				CLANG_ENABLE_MODULES = YES;
				CLANG_ENABLE_OBJC_ARC = YES;
				CLANG_ENABLE_OBJC_WEAK = YES;
				CLANG_WARN_BLOCK_CAPTURE_AUTORELEASING = YES;
				CLANG_WARN_BOOL_CONVERSION = YES;
				CLANG_WARN_COMMA = YES;
				CLANG_WARN_CONSTANT_CONVERSION = YES;
				CLANG_WARN_DEPRECATED_OBJC_IMPLEMENTATIONS = YES;
				CLANG_WARN_DIRECT_OBJC_ISA_USAGE = YES_ERROR;
				CLANG_WARN_DOCUMENTATION_COMMENTS = YES;
				CLANG_WARN_EMPTY_BODY = YES;
				CLANG_WARN_ENUM_CONVERSION = YES;
				CLANG_WARN_INFINITE_RECURSION = YES;
				CLANG_WARN_INT_CONVERSION = YES;
				CLANG_WARN_NON_LITERAL_NULL_CONVERSION = YES;
				CLANG_WARN_OBJC_IMPLICIT_RETAIN_SELF = YES;
				CLANG_WARN_OBJC_LITERAL_CONVERSION = YES;
				CLANG_WARN_OBJC_ROOT_CLASS = YES_ERROR;
				CLANG_WARN_RANGE_LOOP_ANALYSIS = YES;
				CLANG_WARN_STRICT_PROTOTYPES = YES;
				CLANG_WARN_SUSPICIOUS_MOVE = YES;
				CLANG_WARN_UNGUARDED_AVAILABILITY = YES_AGGRESSIVE;
				CLANG_WARN_UNREACHABLE_CODE = YES;
				CLANG_WARN__DUPLICATE_METHOD_MATCH = YES;
				CODE_SIGN_IDENTITY = "iPhone Developer";
				COPY_PHASE_STRIP = NO;
				DEBUG_INFORMATION_FORMAT = "dwarf-with-dsym";
				ENABLE_NS_ASSERTIONS = NO;
				ENABLE_STRICT_OBJC_MSGSEND = YES;
				GCC_C_LANGUAGE_STANDARD = gnu11;
				GCC_NO_COMMON_BLOCKS = YES;
				GCC_WARN_64_TO_32_BIT_CONVERSION = YES;
				GCC_WARN_ABOUT_RETURN_TYPE = YES_ERROR;
				GCC_WARN_UNDECLARED_SELECTOR = YES;
				GCC_WARN_UNINITIALIZED_AUTOS = YES_AGGRESSIVE;
				GCC_WARN_UNUSED_FUNCTION = YES;
				GCC_WARN_UNUSED_VARIABLE = YES;
				IPHONEOS_DEPLOYMENT_TARGET = 9.0;
				MTL_ENABLE_DEBUG_INFO = NO;
				SDKROOT = iphoneos;
				SWIFT_COMPILATION_MODE = wholemodule;
				SWIFT_OPTIMIZATION_LEVEL = "-O";
				VALIDATE_PRODUCT = YES;
			};
			name = Release;
		};
		E2364B0121421EB8008B6FDB /* Debug */ = {
			isa = XCBuildConfiguration;
			baseConfigurationReference = A56BB65AE62F378A391337C2 /* Pods-LSWDAX.debug.xcconfig */;
			buildSettings = {
				ASSETCATALOG_COMPILER_APPICON_NAME = AppIcon;
				CODE_SIGN_STYLE = Automatic;
				DEVELOPMENT_TEAM = MXEGJUJ58N;
				INFOPLIST_FILE = LSWDAX/Info.plist;
				IPHONEOS_DEPLOYMENT_TARGET = 9.0;
				LD_RUNPATH_SEARCH_PATHS = (
					"$(inherited)",
					"@executable_path/Frameworks",
				);
				PRODUCT_BUNDLE_IDENTIFIER = com.landsone.LSWDAX;
				PRODUCT_NAME = "$(TARGET_NAME)";
				SWIFT_VERSION = 4.0;
				TARGETED_DEVICE_FAMILY = 1;
			};
			name = Debug;
		};
		E2364B0221421EB8008B6FDB /* Release */ = {
			isa = XCBuildConfiguration;
			baseConfigurationReference = F0E455C6D1EF417C943F5599 /* Pods-LSWDAX.release.xcconfig */;
			buildSettings = {
				ASSETCATALOG_COMPILER_APPICON_NAME = AppIcon;
				CODE_SIGN_STYLE = Automatic;
				DEVELOPMENT_TEAM = MXEGJUJ58N;
				INFOPLIST_FILE = LSWDAX/Info.plist;
				IPHONEOS_DEPLOYMENT_TARGET = 9.0;
				LD_RUNPATH_SEARCH_PATHS = (
					"$(inherited)",
					"@executable_path/Frameworks",
				);
				PRODUCT_BUNDLE_IDENTIFIER = com.landsone.LSWDAX;
				PRODUCT_NAME = "$(TARGET_NAME)";
				SWIFT_VERSION = 4.0;
				TARGETED_DEVICE_FAMILY = 1;
			};
			name = Release;
		};
/* End XCBuildConfiguration section */

/* Begin XCConfigurationList section */
		E2364AE921421EB7008B6FDB /* Build configuration list for PBXProject "LSWDAX" */ = {
			isa = XCConfigurationList;
			buildConfigurations = (
				E2364AFE21421EB8008B6FDB /* Debug */,
				E2364AFF21421EB8008B6FDB /* Release */,
			);
			defaultConfigurationIsVisible = 0;
			defaultConfigurationName = Release;
		};
		E2364B0021421EB8008B6FDB /* Build configuration list for PBXNativeTarget "LSWDAX" */ = {
			isa = XCConfigurationList;
			buildConfigurations = (
				E2364B0121421EB8008B6FDB /* Debug */,
				E2364B0221421EB8008B6FDB /* Release */,
			);
			defaultConfigurationIsVisible = 0;
			defaultConfigurationName = Release;
		};
/* End XCConfigurationList section */
	};
	rootObject = E2364AE621421EB7008B6FDB /* Project object */;
}
